// !$*UTF8*$!
{
	archiveVersion = 1;
	classes = {
	};
	objectVersion = 45;
	objects = {

/* Begin PBXBuildFile section */
		1D3623260D0F684500981E51 /* WindowTabBarAppDelegate.m in Sources */ = {isa = PBXBuildFile; fileRef = 1D3623250D0F684500981E51 /* WindowTabBarAppDelegate.m */; };
		1D60589B0D05DD56006BFB54 /* main.m in Sources */ = {isa = PBXBuildFile; fileRef = 29B97316FDCFA39411CA2CEA /* main.m */; };
		1D60589F0D05DD5A006BFB54 /* Foundation.framework in Frameworks */ = {isa = PBXBuildFile; fileRef = 1D30AB110D05D00D00671497 /* Foundation.framework */; };
		1DF5F4E00D08C38300B7A737 /* UIKit.framework in Frameworks */ = {isa = PBXBuildFile; fileRef = 1DF5F4DF0D08C38300B7A737 /* UIKit.framework */; };
		288765FD0DF74451002DB57D /* CoreGraphics.framework in Frameworks */ = {isa = PBXBuildFile; fileRef = 288765FC0DF74451002DB57D /* CoreGraphics.framework */; };
		28AD733F0D9D9553002E5188 /* MainWindow.xib in Resources */ = {isa = PBXBuildFile; fileRef = 28AD733E0D9D9553002E5188 /* MainWindow.xib */; };
		4481705D155C393C003A35D8 /* SensorTableViewCell.m in Sources */ = {isa = PBXBuildFile; fileRef = 4481705C155C393C003A35D8 /* SensorTableViewCell.m */; };
		44817062155C6A6A003A35D8 /* Classes in Resources */ = {isa = PBXBuildFile; fileRef = 44817061155C6A6A003A35D8 /* Classes */; };
		44817065155C6C45003A35D8 /* CustomTableCell.m in Sources */ = {isa = PBXBuildFile; fileRef = 44817064155C6C45003A35D8 /* CustomTableCell.m */; };
		44817067155C6DBA003A35D8 /* CustomCellView.xib in Resources */ = {isa = PBXBuildFile; fileRef = 44817066155C6DBA003A35D8 /* CustomCellView.xib */; };
		44817069155C7C3C003A35D8 /* SensorDetailTableView.xib in Resources */ = {isa = PBXBuildFile; fileRef = 44817068155C7C3C003A35D8 /* SensorDetailTableView.xib */; };
		4481706C155C7C9B003A35D8 /* SensorDetailViewController.m in Sources */ = {isa = PBXBuildFile; fileRef = 4481706B155C7C9B003A35D8 /* SensorDetailViewController.m */; };
		44817099155C7CBB003A35D8 /* 500px.png in Resources */ = {isa = PBXBuildFile; fileRef = 4481706D155C7CB9003A35D8 /* 500px.png */; };
		4481709A155C7CBB003A35D8 /* aboutme.png in Resources */ = {isa = PBXBuildFile; fileRef = 4481706E155C7CB9003A35D8 /* aboutme.png */; };
		4481709B155C7CBB003A35D8 /* add-this.png in Resources */ = {isa = PBXBuildFile; fileRef = 4481706F155C7CB9003A35D8 /* add-this.png */; };
		4481709C155C7CBB003A35D8 /* amazon.png in Resources */ = {isa = PBXBuildFile; fileRef = 44817070155C7CB9003A35D8 /* amazon.png */; };
		4481709D155C7CBB003A35D8 /* aol.png in Resources */ = {isa = PBXBuildFile; fileRef = 44817071155C7CB9003A35D8 /* aol.png */; };
		4481709E155C7CBB003A35D8 /* app-store-2.png in Resources */ = {isa = PBXBuildFile; fileRef = 44817072155C7CB9003A35D8 /* app-store-2.png */; };
		4481709F155C7CBB003A35D8 /* app-store.png in Resources */ = {isa = PBXBuildFile; fileRef = 44817073155C7CB9003A35D8 /* app-store.png */; };
		448170A0155C7CBB003A35D8 /* apple.png in Resources */ = {isa = PBXBuildFile; fileRef = 44817074155C7CB9003A35D8 /* apple.png */; };
		448170A1155C7CBB003A35D8 /* bebo.png in Resources */ = {isa = PBXBuildFile; fileRef = 44817075155C7CB9003A35D8 /* bebo.png */; };
		448170A2155C7CBB003A35D8 /* behance.png in Resources */ = {isa = PBXBuildFile; fileRef = 44817076155C7CB9003A35D8 /* behance.png */; };
		448170A3155C7CBB003A35D8 /* bing.png in Resources */ = {isa = PBXBuildFile; fileRef = 44817077155C7CB9003A35D8 /* bing.png */; };
		448170A4155C7CBB003A35D8 /* blip.png in Resources */ = {isa = PBXBuildFile; fileRef = 44817078155C7CB9003A35D8 /* blip.png */; };
		448170A5155C7CBB003A35D8 /* blogger.png in Resources */ = {isa = PBXBuildFile; fileRef = 44817079155C7CB9003A35D8 /* blogger.png */; };
		448170A6155C7CBB003A35D8 /* button-blue.png in Resources */ = {isa = PBXBuildFile; fileRef = 4481707A155C7CB9003A35D8 /* button-blue.png */; };
		448170A7155C7CBB003A35D8 /* button-green.png in Resources */ = {isa = PBXBuildFile; fileRef = 4481707B155C7CB9003A35D8 /* button-green.png */; };
		448170A8155C7CBB003A35D8 /* button-light-blue.png in Resources */ = {isa = PBXBuildFile; fileRef = 4481707C155C7CB9003A35D8 /* button-light-blue.png */; };
		448170A9155C7CBB003A35D8 /* button-orange.png in Resources */ = {isa = PBXBuildFile; fileRef = 4481707D155C7CB9003A35D8 /* button-orange.png */; };
		448170AA155C7CBB003A35D8 /* button-red.png in Resources */ = {isa = PBXBuildFile; fileRef = 4481707E155C7CBA003A35D8 /* button-red.png */; };
		448170AB155C7CBB003A35D8 /* button-white.png in Resources */ = {isa = PBXBuildFile; fileRef = 4481707F155C7CBA003A35D8 /* button-white.png */; };
		448170AC155C7CBB003A35D8 /* button-yellow.png in Resources */ = {isa = PBXBuildFile; fileRef = 44817080155C7CBA003A35D8 /* button-yellow.png */; };
		448170B0155C7CBB003A35D8 /* chevy_volt.jpg in Resources */ = {isa = PBXBuildFile; fileRef = 44817087155C7CBA003A35D8 /* chevy_volt.jpg */; };
		448170B1155C7CBB003A35D8 /* coroflot.png in Resources */ = {isa = PBXBuildFile; fileRef = 44817088155C7CBA003A35D8 /* coroflot.png */; };
		448170B2155C7CBB003A35D8 /* daytum.png in Resources */ = {isa = PBXBuildFile; fileRef = 44817089155C7CBA003A35D8 /* daytum.png */; };
		448170B3155C7CBB003A35D8 /* delicious.png in Resources */ = {isa = PBXBuildFile; fileRef = 4481708A155C7CBA003A35D8 /* delicious.png */; };
		448170B4155C7CBB003A35D8 /* design-bump.png in Resources */ = {isa = PBXBuildFile; fileRef = 4481708B155C7CBA003A35D8 /* design-bump.png */; };
		448170B5155C7CBB003A35D8 /* designfloat.png in Resources */ = {isa = PBXBuildFile; fileRef = 4481708C155C7CBA003A35D8 /* designfloat.png */; };
		448170B6155C7CBB003A35D8 /* deviant-art.png in Resources */ = {isa = PBXBuildFile; fileRef = 4481708D155C7CBA003A35D8 /* deviant-art.png */; };
		448170B7155C7CBB003A35D8 /* digg.png in Resources */ = {isa = PBXBuildFile; fileRef = 4481708E155C7CBA003A35D8 /* digg.png */; };
		448170B8155C7CBB003A35D8 /* dribbble.png in Resources */ = {isa = PBXBuildFile; fileRef = 4481708F155C7CBA003A35D8 /* dribbble.png */; };
		448170B9155C7CBB003A35D8 /* dropplr.png in Resources */ = {isa = PBXBuildFile; fileRef = 44817090155C7CBA003A35D8 /* dropplr.png */; };
		448170BA155C7CBB003A35D8 /* drupal.png in Resources */ = {isa = PBXBuildFile; fileRef = 44817091155C7CBB003A35D8 /* drupal.png */; };
		448170BB155C7CBB003A35D8 /* ebay.png in Resources */ = {isa = PBXBuildFile; fileRef = 44817092155C7CBB003A35D8 /* ebay.png */; };
		448170BC155C7CBB003A35D8 /* email.png in Resources */ = {isa = PBXBuildFile; fileRef = 44817093155C7CBB003A35D8 /* email.png */; };
		448170BD155C7CBB003A35D8 /* ember.png in Resources */ = {isa = PBXBuildFile; fileRef = 44817094155C7CBB003A35D8 /* ember.png */; };
		448170BE155C7CBB003A35D8 /* etsy.png in Resources */ = {isa = PBXBuildFile; fileRef = 44817095155C7CBB003A35D8 /* etsy.png */; };
		448170BF155C7CBB003A35D8 /* facebook.png in Resources */ = {isa = PBXBuildFile; fileRef = 44817096155C7CBB003A35D8 /* facebook.png */; };
		448170C0155C7CBB003A35D8 /* feedburner.png in Resources */ = {isa = PBXBuildFile; fileRef = 44817097155C7CBB003A35D8 /* feedburner.png */; };
		448170C1155C7CBB003A35D8 /* flickr.png in Resources */ = {isa = PBXBuildFile; fileRef = 44817098155C7CBB003A35D8 /* flickr.png */; };
		F028AABA1190075B00F41D37 /* FirstView.m in Sources */ = {isa = PBXBuildFile; fileRef = F028AAB81190075B00F41D37 /* FirstView.m */; };
		F028AABF1190076600F41D37 /* SecondView.m in Sources */ = {isa = PBXBuildFile; fileRef = F028AABD1190076600F41D37 /* SecondView.m */; };
		F028AAC01190076600F41D37 /* SecondView.xib in Resources */ = {isa = PBXBuildFile; fileRef = F028AABE1190076600F41D37 /* SecondView.xib */; };
		F072516011904971002FA9ED /* TableViewDetailViewController.m in Sources */ = {isa = PBXBuildFile; fileRef = F072515E11904971002FA9ED /* TableViewDetailViewController.m */; };
		F072516111904971002FA9ED /* TableViewDetailViewController.xib in Resources */ = {isa = PBXBuildFile; fileRef = F072515F11904971002FA9ED /* TableViewDetailViewController.xib */; };
/* End PBXBuildFile section */

/* Begin PBXFileReference section */
		1D30AB110D05D00D00671497 /* Foundation.framework */ = {isa = PBXFileReference; lastKnownFileType = wrapper.framework; name = Foundation.framework; path = System/Library/Frameworks/Foundation.framework; sourceTree = SDKROOT; };
		1D3623240D0F684500981E51 /* WindowTabBarAppDelegate.h */ = {isa = PBXFileReference; fileEncoding = 4; lastKnownFileType = sourcecode.c.h; path = WindowTabBarAppDelegate.h; sourceTree = "<group>"; };
		1D3623250D0F684500981E51 /* WindowTabBarAppDelegate.m */ = {isa = PBXFileReference; fileEncoding = 4; lastKnownFileType = sourcecode.c.objc; path = WindowTabBarAppDelegate.m; sourceTree = "<group>"; };
		1D6058910D05DD3D006BFB54 /* WindowTabBar.app */ = {isa = PBXFileReference; explicitFileType = wrapper.application; includeInIndex = 0; path = WindowTabBar.app; sourceTree = BUILT_PRODUCTS_DIR; };
		1DF5F4DF0D08C38300B7A737 /* UIKit.framework */ = {isa = PBXFileReference; lastKnownFileType = wrapper.framework; name = UIKit.framework; path = System/Library/Frameworks/UIKit.framework; sourceTree = SDKROOT; };
		288765FC0DF74451002DB57D /* CoreGraphics.framework */ = {isa = PBXFileReference; lastKnownFileType = wrapper.framework; name = CoreGraphics.framework; path = System/Library/Frameworks/CoreGraphics.framework; sourceTree = SDKROOT; };
		28AD733E0D9D9553002E5188 /* MainWindow.xib */ = {isa = PBXFileReference; lastKnownFileType = file.xib; path = MainWindow.xib; sourceTree = "<group>"; };
		29B97316FDCFA39411CA2CEA /* main.m */ = {isa = PBXFileReference; fileEncoding = 4; lastKnownFileType = sourcecode.c.objc; path = main.m; sourceTree = "<group>"; };
		32CA4F630368D1EE00C91783 /* WindowTabBar_Prefix.pch */ = {isa = PBXFileReference; fileEncoding = 4; lastKnownFileType = sourcecode.c.h; path = WindowTabBar_Prefix.pch; sourceTree = "<group>"; };
		4481705B155C393C003A35D8 /* SensorTableViewCell.h */ = {isa = PBXFileReference; fileEncoding = 4; lastKnownFileType = sourcecode.c.h; path = SensorTableViewCell.h; sourceTree = "<group>"; };
		4481705C155C393C003A35D8 /* SensorTableViewCell.m */ = {isa = PBXFileReference; fileEncoding = 4; lastKnownFileType = sourcecode.c.objc; path = SensorTableViewCell.m; sourceTree = "<group>"; };
		44817061155C6A6A003A35D8 /* Classes */ = {isa = PBXFileReference; lastKnownFileType = folder; path = Classes; sourceTree = "<group>"; };
		44817063155C6C45003A35D8 /* CustomTableCell.h */ = {isa = PBXFileReference; fileEncoding = 4; lastKnownFileType = sourcecode.c.h; path = CustomTableCell.h; sourceTree = "<group>"; };
		44817064155C6C45003A35D8 /* CustomTableCell.m */ = {isa = PBXFileReference; fileEncoding = 4; lastKnownFileType = sourcecode.c.objc; path = CustomTableCell.m; sourceTree = "<group>"; };
		44817066155C6DBA003A35D8 /* CustomCellView.xib */ = {isa = PBXFileReference; fileEncoding = 4; lastKnownFileType = file.xib; path = CustomCellView.xib; sourceTree = "<group>"; };
		44817068155C7C3C003A35D8 /* SensorDetailTableView.xib */ = {isa = PBXFileReference; fileEncoding = 4; lastKnownFileType = file.xib; path = SensorDetailTableView.xib; sourceTree = "<group>"; };
		4481706A155C7C9B003A35D8 /* SensorDetailViewController.h */ = {isa = PBXFileReference; fileEncoding = 4; lastKnownFileType = sourcecode.c.h; path = SensorDetailViewController.h; sourceTree = "<group>"; };
		4481706B155C7C9B003A35D8 /* SensorDetailViewController.m */ = {isa = PBXFileReference; fileEncoding = 4; lastKnownFileType = sourcecode.c.objc; path = SensorDetailViewController.m; sourceTree = "<group>"; };
		4481706D155C7CB9003A35D8 /* 500px.png */ = {isa = PBXFileReference; lastKnownFileType = image.png; path = 500px.png; sourceTree = "<group>"; };
		4481706E155C7CB9003A35D8 /* aboutme.png */ = {isa = PBXFileReference; lastKnownFileType = image.png; path = aboutme.png; sourceTree = "<group>"; };
		4481706F155C7CB9003A35D8 /* add-this.png */ = {isa = PBXFileReference; lastKnownFileType = image.png; path = "add-this.png"; sourceTree = "<group>"; };
		44817070155C7CB9003A35D8 /* amazon.png */ = {isa = PBXFileReference; lastKnownFileType = image.png; path = amazon.png; sourceTree = "<group>"; };
		44817071155C7CB9003A35D8 /* aol.png */ = {isa = PBXFileReference; lastKnownFileType = image.png; path = aol.png; sourceTree = "<group>"; };
		44817072155C7CB9003A35D8 /* app-store-2.png */ = {isa = PBXFileReference; lastKnownFileType = image.png; path = "app-store-2.png"; sourceTree = "<group>"; };
		44817073155C7CB9003A35D8 /* app-store.png */ = {isa = PBXFileReference; lastKnownFileType = image.png; path = "app-store.png"; sourceTree = "<group>"; };
		44817074155C7CB9003A35D8 /* apple.png */ = {isa = PBXFileReference; lastKnownFileType = image.png; path = apple.png; sourceTree = "<group>"; };
		44817075155C7CB9003A35D8 /* bebo.png */ = {isa = PBXFileReference; lastKnownFileType = image.png; path = bebo.png; sourceTree = "<group>"; };
		44817076155C7CB9003A35D8 /* behance.png */ = {isa = PBXFileReference; lastKnownFileType = image.png; path = behance.png; sourceTree = "<group>"; };
		44817077155C7CB9003A35D8 /* bing.png */ = {isa = PBXFileReference; lastKnownFileType = image.png; path = bing.png; sourceTree = "<group>"; };
		44817078155C7CB9003A35D8 /* blip.png */ = {isa = PBXFileReference; lastKnownFileType = image.png; path = blip.png; sourceTree = "<group>"; };
		44817079155C7CB9003A35D8 /* blogger.png */ = {isa = PBXFileReference; lastKnownFileType = image.png; path = blogger.png; sourceTree = "<group>"; };
		4481707A155C7CB9003A35D8 /* button-blue.png */ = {isa = PBXFileReference; lastKnownFileType = image.png; path = "button-blue.png"; sourceTree = "<group>"; };
		4481707B155C7CB9003A35D8 /* button-green.png */ = {isa = PBXFileReference; lastKnownFileType = image.png; path = "button-green.png"; sourceTree = "<group>"; };
		4481707C155C7CB9003A35D8 /* button-light-blue.png */ = {isa = PBXFileReference; lastKnownFileType = image.png; path = "button-light-blue.png"; sourceTree = "<group>"; };
		4481707D155C7CB9003A35D8 /* button-orange.png */ = {isa = PBXFileReference; lastKnownFileType = image.png; path = "button-orange.png"; sourceTree = "<group>"; };
		4481707E155C7CBA003A35D8 /* button-red.png */ = {isa = PBXFileReference; lastKnownFileType = image.png; path = "button-red.png"; sourceTree = "<group>"; };
		4481707F155C7CBA003A35D8 /* button-white.png */ = {isa = PBXFileReference; lastKnownFileType = image.png; path = "button-white.png"; sourceTree = "<group>"; };
		44817080155C7CBA003A35D8 /* button-yellow.png */ = {isa = PBXFileReference; lastKnownFileType = image.png; path = "button-yellow.png"; sourceTree = "<group>"; };
		44817087155C7CBA003A35D8 /* chevy_volt.jpg */ = {isa = PBXFileReference; lastKnownFileType = image.jpeg; path = chevy_volt.jpg; sourceTree = "<group>"; };
		44817088155C7CBA003A35D8 /* coroflot.png */ = {isa = PBXFileReference; lastKnownFileType = image.png; path = coroflot.png; sourceTree = "<group>"; };
		44817089155C7CBA003A35D8 /* daytum.png */ = {isa = PBXFileReference; lastKnownFileType = image.png; path = daytum.png; sourceTree = "<group>"; };
		4481708A155C7CBA003A35D8 /* delicious.png */ = {isa = PBXFileReference; lastKnownFileType = image.png; path = delicious.png; sourceTree = "<group>"; };
		4481708B155C7CBA003A35D8 /* design-bump.png */ = {isa = PBXFileReference; lastKnownFileType = image.png; path = "design-bump.png"; sourceTree = "<group>"; };
		4481708C155C7CBA003A35D8 /* designfloat.png */ = {isa = PBXFileReference; lastKnownFileType = image.png; path = designfloat.png; sourceTree = "<group>"; };
		4481708D155C7CBA003A35D8 /* deviant-art.png */ = {isa = PBXFileReference; lastKnownFileType = image.png; path = "deviant-art.png"; sourceTree = "<group>"; };
		4481708E155C7CBA003A35D8 /* digg.png */ = {isa = PBXFileReference; lastKnownFileType = image.png; path = digg.png; sourceTree = "<group>"; };
		4481708F155C7CBA003A35D8 /* dribbble.png */ = {isa = PBXFileReference; lastKnownFileType = image.png; path = dribbble.png; sourceTree = "<group>"; };
		44817090155C7CBA003A35D8 /* dropplr.png */ = {isa = PBXFileReference; lastKnownFileType = image.png; path = dropplr.png; sourceTree = "<group>"; };
		44817091155C7CBB003A35D8 /* drupal.png */ = {isa = PBXFileReference; lastKnownFileType = image.png; path = drupal.png; sourceTree = "<group>"; };
		44817092155C7CBB003A35D8 /* ebay.png */ = {isa = PBXFileReference; lastKnownFileType = image.png; path = ebay.png; sourceTree = "<group>"; };
		44817093155C7CBB003A35D8 /* email.png */ = {isa = PBXFileReference; lastKnownFileType = image.png; path = email.png; sourceTree = "<group>"; };
		44817094155C7CBB003A35D8 /* ember.png */ = {isa = PBXFileReference; lastKnownFileType = image.png; path = ember.png; sourceTree = "<group>"; };
		44817095155C7CBB003A35D8 /* etsy.png */ = {isa = PBXFileReference; lastKnownFileType = image.png; path = etsy.png; sourceTree = "<group>"; };
		44817096155C7CBB003A35D8 /* facebook.png */ = {isa = PBXFileReference; lastKnownFileType = image.png; path = facebook.png; sourceTree = "<group>"; };
		44817097155C7CBB003A35D8 /* feedburner.png */ = {isa = PBXFileReference; lastKnownFileType = image.png; path = feedburner.png; sourceTree = "<group>"; };
		44817098155C7CBB003A35D8 /* flickr.png */ = {isa = PBXFileReference; lastKnownFileType = image.png; path = flickr.png; sourceTree = "<group>"; };
		8D1107310486CEB800E47090 /* WindowTabBar-Info.plist */ = {isa = PBXFileReference; fileEncoding = 4; lastKnownFileType = text.plist.xml; path = "WindowTabBar-Info.plist"; plistStructureDefinitionIdentifier = "com.apple.xcode.plist.structure-definition.iphone.info-plist"; sourceTree = "<group>"; };
		F028AAB71190075B00F41D37 /* FirstView.h */ = {isa = PBXFileReference; fileEncoding = 4; lastKnownFileType = sourcecode.c.h; path = FirstView.h; sourceTree = "<group>"; };
		F028AAB81190075B00F41D37 /* FirstView.m */ = {isa = PBXFileReference; fileEncoding = 4; lastKnownFileType = sourcecode.c.objc; path = FirstView.m; sourceTree = "<group>"; };
		F028AABC1190076600F41D37 /* SecondView.h */ = {isa = PBXFileReference; fileEncoding = 4; lastKnownFileType = sourcecode.c.h; path = SecondView.h; sourceTree = "<group>"; };
		F028AABD1190076600F41D37 /* SecondView.m */ = {isa = PBXFileReference; fileEncoding = 4; lastKnownFileType = sourcecode.c.objc; path = SecondView.m; sourceTree = "<group>"; };
		F028AABE1190076600F41D37 /* SecondView.xib */ = {isa = PBXFileReference; lastKnownFileType = file.xib; name = SecondView.xib; path = Classes/SecondView.xib; sourceTree = "<group>"; };
		F072515D11904971002FA9ED /* TableViewDetailViewController.h */ = {isa = PBXFileReference; fileEncoding = 4; lastKnownFileType = sourcecode.c.h; path = TableViewDetailViewController.h; sourceTree = "<group>"; };
		F072515E11904971002FA9ED /* TableViewDetailViewController.m */ = {isa = PBXFileReference; fileEncoding = 4; lastKnownFileType = sourcecode.c.objc; path = TableViewDetailViewController.m; sourceTree = "<group>"; };
		F072515F11904971002FA9ED /* TableViewDetailViewController.xib */ = {isa = PBXFileReference; lastKnownFileType = file.xib; name = TableViewDetailViewController.xib; path = Classes/TableViewDetailViewController.xib; sourceTree = "<group>"; };
/* End PBXFileReference section */

/* Begin PBXFrameworksBuildPhase section */
		1D60588F0D05DD3D006BFB54 /* Frameworks */ = {
			isa = PBXFrameworksBuildPhase;
			buildActionMask = 2147483647;
			files = (
				1D60589F0D05DD5A006BFB54 /* Foundation.framework in Frameworks */,
				1DF5F4E00D08C38300B7A737 /* UIKit.framework in Frameworks */,
				288765FD0DF74451002DB57D /* CoreGraphics.framework in Frameworks */,
			);
			runOnlyForDeploymentPostprocessing = 0;
		};
/* End PBXFrameworksBuildPhase section */

/* Begin PBXGroup section */
		080E96DDFE201D6D7F000001 /* Classes */ = {
			isa = PBXGroup;
			children = (
				4481706A155C7C9B003A35D8 /* SensorDetailViewController.h */,
				4481706B155C7C9B003A35D8 /* SensorDetailViewController.m */,
				1D3623240D0F684500981E51 /* WindowTabBarAppDelegate.h */,
				1D3623250D0F684500981E51 /* WindowTabBarAppDelegate.m */,
				F028AAB71190075B00F41D37 /* FirstView.h */,
				F028AAB81190075B00F41D37 /* FirstView.m */,
				F028AABC1190076600F41D37 /* SecondView.h */,
				F028AABD1190076600F41D37 /* SecondView.m */,
				F072515D11904971002FA9ED /* TableViewDetailViewController.h */,
				F072515E11904971002FA9ED /* TableViewDetailViewController.m */,
				4481705B155C393C003A35D8 /* SensorTableViewCell.h */,
				4481705C155C393C003A35D8 /* SensorTableViewCell.m */,
				44817063155C6C45003A35D8 /* CustomTableCell.h */,
				44817064155C6C45003A35D8 /* CustomTableCell.m */,
			);
			path = Classes;
			sourceTree = "<group>";
		};
		19C28FACFE9D520D11CA2CBB /* Products */ = {
			isa = PBXGroup;
			children = (
				1D6058910D05DD3D006BFB54 /* WindowTabBar.app */,
			);
			name = Products;
			sourceTree = "<group>";
		};
		29B97314FDCFA39411CA2CEA /* CustomTemplate */ = {
			isa = PBXGroup;
			children = (
				080E96DDFE201D6D7F000001 /* Classes */,
				29B97315FDCFA39411CA2CEA /* Other Sources */,
				29B97317FDCFA39411CA2CEA /* Resources */,
				29B97323FDCFA39411CA2CEA /* Frameworks */,
				19C28FACFE9D520D11CA2CBB /* Products */,
			);
			name = CustomTemplate;
			sourceTree = "<group>";
		};
		29B97315FDCFA39411CA2CEA /* Other Sources */ = {
			isa = PBXGroup;
			children = (
				32CA4F630368D1EE00C91783 /* WindowTabBar_Prefix.pch */,
				29B97316FDCFA39411CA2CEA /* main.m */,
			);
			name = "Other Sources";
			sourceTree = "<group>";
		};
		29B97317FDCFA39411CA2CEA /* Resources */ = {
			isa = PBXGroup;
			children = (
				448170C2155C7D13003A35D8 /* images */,
				44817066155C6DBA003A35D8 /* CustomCellView.xib */,
				F072515F11904971002FA9ED /* TableViewDetailViewController.xib */,
				F028AABE1190076600F41D37 /* SecondView.xib */,
				28AD733E0D9D9553002E5188 /* MainWindow.xib */,
				44817068155C7C3C003A35D8 /* SensorDetailTableView.xib */,
				8D1107310486CEB800E47090 /* WindowTabBar-Info.plist */,
				44817061155C6A6A003A35D8 /* Classes */,
			);
			name = Resources;
			sourceTree = "<group>";
		};
		29B97323FDCFA39411CA2CEA /* Frameworks */ = {
			isa = PBXGroup;
			children = (
				1DF5F4DF0D08C38300B7A737 /* UIKit.framework */,
				1D30AB110D05D00D00671497 /* Foundation.framework */,
				288765FC0DF74451002DB57D /* CoreGraphics.framework */,
			);
			name = Frameworks;
			sourceTree = "<group>";
		};
		448170C2155C7D13003A35D8 /* images */ = {
			isa = PBXGroup;
			children = (
				4481706D155C7CB9003A35D8 /* 500px.png */,
				4481706E155C7CB9003A35D8 /* aboutme.png */,
				4481706F155C7CB9003A35D8 /* add-this.png */,
				44817070155C7CB9003A35D8 /* amazon.png */,
				44817071155C7CB9003A35D8 /* aol.png */,
				44817072155C7CB9003A35D8 /* app-store-2.png */,
				44817073155C7CB9003A35D8 /* app-store.png */,
				44817074155C7CB9003A35D8 /* apple.png */,
				44817075155C7CB9003A35D8 /* bebo.png */,
				44817076155C7CB9003A35D8 /* behance.png */,
				44817077155C7CB9003A35D8 /* bing.png */,
				44817078155C7CB9003A35D8 /* blip.png */,
				44817079155C7CB9003A35D8 /* blogger.png */,
				4481707A155C7CB9003A35D8 /* button-blue.png */,
				4481707B155C7CB9003A35D8 /* button-green.png */,
				4481707C155C7CB9003A35D8 /* button-light-blue.png */,
				4481707D155C7CB9003A35D8 /* button-orange.png */,
				4481707E155C7CBA003A35D8 /* button-red.png */,
				4481707F155C7CBA003A35D8 /* button-white.png */,
				44817080155C7CBA003A35D8 /* button-yellow.png */,
				44817087155C7CBA003A35D8 /* chevy_volt.jpg */,
				44817088155C7CBA003A35D8 /* coroflot.png */,
				44817089155C7CBA003A35D8 /* daytum.png */,
				4481708A155C7CBA003A35D8 /* delicious.png */,
				4481708B155C7CBA003A35D8 /* design-bump.png */,
				4481708C155C7CBA003A35D8 /* designfloat.png */,
				4481708D155C7CBA003A35D8 /* deviant-art.png */,
				4481708E155C7CBA003A35D8 /* digg.png */,
				4481708F155C7CBA003A35D8 /* dribbble.png */,
				44817090155C7CBA003A35D8 /* dropplr.png */,
				44817091155C7CBB003A35D8 /* drupal.png */,
				44817092155C7CBB003A35D8 /* ebay.png */,
				44817093155C7CBB003A35D8 /* email.png */,
				44817094155C7CBB003A35D8 /* ember.png */,
				44817095155C7CBB003A35D8 /* etsy.png */,
				44817096155C7CBB003A35D8 /* facebook.png */,
				44817097155C7CBB003A35D8 /* feedburner.png */,
				44817098155C7CBB003A35D8 /* flickr.png */,
			);
			name = images;
			sourceTree = "<group>";
		};
/* End PBXGroup section */

/* Begin PBXNativeTarget section */
		1D6058900D05DD3D006BFB54 /* WindowTabBar */ = {
			isa = PBXNativeTarget;
			buildConfigurationList = 1D6058960D05DD3E006BFB54 /* Build configuration list for PBXNativeTarget "WindowTabBar" */;
			buildPhases = (
				1D60588D0D05DD3D006BFB54 /* Resources */,
				1D60588E0D05DD3D006BFB54 /* Sources */,
				1D60588F0D05DD3D006BFB54 /* Frameworks */,
			);
			buildRules = (
			);
			dependencies = (
			);
			name = WindowTabBar;
			productName = WindowTabBar;
			productReference = 1D6058910D05DD3D006BFB54 /* WindowTabBar.app */;
			productType = "com.apple.product-type.application";
		};
/* End PBXNativeTarget section */

/* Begin PBXProject section */
		29B97313FDCFA39411CA2CEA /* Project object */ = {
			isa = PBXProject;
			buildConfigurationList = C01FCF4E08A954540054247B /* Build configuration list for PBXProject "WindowTabBar" */;
			compatibilityVersion = "Xcode 3.1";
			developmentRegion = English;
			hasScannedForEncodings = 1;
			knownRegions = (
				en,
			);
			mainGroup = 29B97314FDCFA39411CA2CEA /* CustomTemplate */;
			projectDirPath = "";
			projectRoot = "";
			targets = (
				1D6058900D05DD3D006BFB54 /* WindowTabBar */,
			);
		};
/* End PBXProject section */

/* Begin PBXResourcesBuildPhase section */
		1D60588D0D05DD3D006BFB54 /* Resources */ = {
			isa = PBXResourcesBuildPhase;
			buildActionMask = 2147483647;
			files = (
				28AD733F0D9D9553002E5188 /* MainWindow.xib in Resources */,
				F028AAC01190076600F41D37 /* SecondView.xib in Resources */,
				F072516111904971002FA9ED /* TableViewDetailViewController.xib in Resources */,
				44817062155C6A6A003A35D8 /* Classes in Resources */,
				44817067155C6DBA003A35D8 /* CustomCellView.xib in Resources */,
				44817069155C7C3C003A35D8 /* SensorDetailTableView.xib in Resources */,
				44817099155C7CBB003A35D8 /* 500px.png in Resources */,
				4481709A155C7CBB003A35D8 /* aboutme.png in Resources */,
				4481709B155C7CBB003A35D8 /* add-this.png in Resources */,
				4481709C155C7CBB003A35D8 /* amazon.png in Resources */,
				4481709D155C7CBB003A35D8 /* aol.png in Resources */,
				4481709E155C7CBB003A35D8 /* app-store-2.png in Resources */,
				4481709F155C7CBB003A35D8 /* app-store.png in Resources */,
				448170A0155C7CBB003A35D8 /* apple.png in Resources */,
				448170A1155C7CBB003A35D8 /* bebo.png in Resources */,
				448170A2155C7CBB003A35D8 /* behance.png in Resources */,
				448170A3155C7CBB003A35D8 /* bing.png in Resources */,
				448170A4155C7CBB003A35D8 /* blip.png in Resources */,
				448170A5155C7CBB003A35D8 /* blogger.png in Resources */,
				448170A6155C7CBB003A35D8 /* button-blue.png in Resources */,
				448170A7155C7CBB003A35D8 /* button-green.png in Resources */,
				448170A8155C7CBB003A35D8 /* button-light-blue.png in Resources */,
				448170A9155C7CBB003A35D8 /* button-orange.png in Resources */,
				448170AA155C7CBB003A35D8 /* button-red.png in Resources */,
				448170AB155C7CBB003A35D8 /* button-white.png in Resources */,
				448170AC155C7CBB003A35D8 /* button-yellow.png in Resources */,
				448170B0155C7CBB003A35D8 /* chevy_volt.jpg in Resources */,
				448170B1155C7CBB003A35D8 /* coroflot.png in Resources */,
				448170B2155C7CBB003A35D8 /* daytum.png in Resources */,
				448170B3155C7CBB003A35D8 /* delicious.png in Resources */,
				448170B4155C7CBB003A35D8 /* design-bump.png in Resources */,
				448170B5155C7CBB003A35D8 /* designfloat.png in Resources */,
				448170B6155C7CBB003A35D8 /* deviant-art.png in Resources */,
				448170B7155C7CBB003A35D8 /* digg.png in Resources */,
				448170B8155C7CBB003A35D8 /* dribbble.png in Resources */,
				448170B9155C7CBB003A35D8 /* dropplr.png in Resources */,
				448170BA155C7CBB003A35D8 /* drupal.png in Resources */,
				448170BB155C7CBB003A35D8 /* ebay.png in Resources */,
				448170BC155C7CBB003A35D8 /* email.png in Resources */,
				448170BD155C7CBB003A35D8 /* ember.png in Resources */,
				448170BE155C7CBB003A35D8 /* etsy.png in Resources */,
				448170BF155C7CBB003A35D8 /* facebook.png in Resources */,
				448170C0155C7CBB003A35D8 /* feedburner.png in Resources */,
				448170C1155C7CBB003A35D8 /* flickr.png in Resources */,
			);
			runOnlyForDeploymentPostprocessing = 0;
		};
/* End PBXResourcesBuildPhase section */

/* Begin PBXSourcesBuildPhase section */
		1D60588E0D05DD3D006BFB54 /* Sources */ = {
			isa = PBXSourcesBuildPhase;
			buildActionMask = 2147483647;
			files = (
				1D60589B0D05DD56006BFB54 /* main.m in Sources */,
				1D3623260D0F684500981E51 /* WindowTabBarAppDelegate.m in Sources */,
				F028AABA1190075B00F41D37 /* FirstView.m in Sources */,
				F028AABF1190076600F41D37 /* SecondView.m in Sources */,
				F072516011904971002FA9ED /* TableViewDetailViewController.m in Sources */,
				4481705D155C393C003A35D8 /* SensorTableViewCell.m in Sources */,
				44817065155C6C45003A35D8 /* CustomTableCell.m in Sources */,
				4481706C155C7C9B003A35D8 /* SensorDetailViewController.m in Sources */,
			);
			runOnlyForDeploymentPostprocessing = 0;
		};
/* End PBXSourcesBuildPhase section */

/* Begin XCBuildConfiguration section */
		1D6058940D05DD3E006BFB54 /* Debug */ = {
			isa = XCBuildConfiguration;
			buildSettings = {
				ALWAYS_SEARCH_USER_PATHS = NO;
				COPY_PHASE_STRIP = NO;
				GCC_DYNAMIC_NO_PIC = NO;
				GCC_OPTIMIZATION_LEVEL = 0;
				GCC_PRECOMPILE_PREFIX_HEADER = YES;
				GCC_PREFIX_HEADER = WindowTabBar_Prefix.pch;
				INFOPLIST_FILE = "WindowTabBar-Info.plist";
				PRODUCT_NAME = WindowTabBar;
			};
			name = Debug;
		};
		1D6058950D05DD3E006BFB54 /* Release */ = {
			isa = XCBuildConfiguration;
			buildSettings = {
				ALWAYS_SEARCH_USER_PATHS = NO;
				COPY_PHASE_STRIP = YES;
				GCC_PRECOMPILE_PREFIX_HEADER = YES;
				GCC_PREFIX_HEADER = WindowTabBar_Prefix.pch;
				INFOPLIST_FILE = "WindowTabBar-Info.plist";
				PRODUCT_NAME = WindowTabBar;
				VALIDATE_PRODUCT = YES;
			};
			name = Release;
		};
		C01FCF4F08A954540054247B /* Debug */ = {
			isa = XCBuildConfiguration;
			buildSettings = {
				ARCHS = "$(ARCHS_STANDARD_32_BIT)";
				"CODE_SIGN_IDENTITY[sdk=iphoneos*]" = "iPhone Developer";
				GCC_C_LANGUAGE_STANDARD = c99;
				GCC_WARN_ABOUT_RETURN_TYPE = YES;
				GCC_WARN_UNUSED_VARIABLE = YES;
				PREBINDING = NO;
				SDKROOT = iphoneos;
			};
			name = Debug;
		};
		C01FCF5008A954540054247B /* Release */ = {
			isa = XCBuildConfiguration;
			buildSettings = {
				ARCHS = "$(ARCHS_STANDARD_32_BIT)";
				"CODE_SIGN_IDENTITY[sdk=iphoneos*]" = "iPhone Developer";
				GCC_C_LANGUAGE_STANDARD = c99;
				GCC_WARN_ABOUT_RETURN_TYPE = YES;
				GCC_WARN_UNUSED_VARIABLE = YES;
				OTHER_CFLAGS = "-DNS_BLOCK_ASSERTIONS=1";
				PREBINDING = NO;
				SDKROOT = iphoneos;
			};
			name = Release;
		};
/* End XCBuildConfiguration section */

/* Begin XCConfigurationList section */
		1D6058960D05DD3E006BFB54 /* Build configuration list for PBXNativeTarget "WindowTabBar" */ = {
			isa = XCConfigurationList;
			buildConfigurations = (
				1D6058940D05DD3E006BFB54 /* Debug */,
				1D6058950D05DD3E006BFB54 /* Release */,
			);
			defaultConfigurationIsVisible = 0;
			defaultConfigurationName = Release;
		};
		C01FCF4E08A954540054247B /* Build configuration list for PBXProject "WindowTabBar" */ = {
			isa = XCConfigurationList;
			buildConfigurations = (
				C01FCF4F08A954540054247B /* Debug */,
				C01FCF5008A954540054247B /* Release */,
			);
			defaultConfigurationIsVisible = 0;
			defaultConfigurationName = Release;
		};
/* End XCConfigurationList section */
	};
	rootObject = 29B97313FDCFA39411CA2CEA /* Project object */;
}
