// !$*UTF8*$!
{
	archiveVersion = 1;
	classes = {
	};
	objectVersion = 46;
	objects = {

/* Begin PBXBuildFile section */
		44798E231584FFFE001DCBFE /* UIKit.framework in Frameworks */ = {isa = PBXBuildFile; fileRef = 44798E221584FFFE001DCBFE /* UIKit.framework */; };
		44798E251584FFFE001DCBFE /* Foundation.framework in Frameworks */ = {isa = PBXBuildFile; fileRef = 44798E241584FFFE001DCBFE /* Foundation.framework */; };
		44798E271584FFFE001DCBFE /* CoreGraphics.framework in Frameworks */ = {isa = PBXBuildFile; fileRef = 44798E261584FFFE001DCBFE /* CoreGraphics.framework */; };
		44798E2D1584FFFE001DCBFE /* InfoPlist.strings in Resources */ = {isa = PBXBuildFile; fileRef = 44798E2B1584FFFE001DCBFE /* InfoPlist.strings */; };
		44798E2F1584FFFE001DCBFE /* main.m in Sources */ = {isa = PBXBuildFile; fileRef = 44798E2E1584FFFE001DCBFE /* main.m */; };
		44798E331584FFFE001DCBFE /* AppDelegate.m in Sources */ = {isa = PBXBuildFile; fileRef = 44798E321584FFFE001DCBFE /* AppDelegate.m */; };
		44798E361584FFFE001DCBFE /* ViewController.m in Sources */ = {isa = PBXBuildFile; fileRef = 44798E351584FFFE001DCBFE /* ViewController.m */; };
		44798E391584FFFE001DCBFE /* ViewController.xib in Resources */ = {isa = PBXBuildFile; fileRef = 44798E371584FFFE001DCBFE /* ViewController.xib */; };
/* End PBXBuildFile section */

/* Begin PBXFileReference section */
		44798E1E1584FFFE001DCBFE /* booker_craig_project3.app */ = {isa = PBXFileReference; explicitFileType = wrapper.application; includeInIndex = 0; path = booker_craig_project3.app; sourceTree = BUILT_PRODUCTS_DIR; };
		44798E221584FFFE001DCBFE /* UIKit.framework */ = {isa = PBXFileReference; lastKnownFileType = wrapper.framework; name = UIKit.framework; path = System/Library/Frameworks/UIKit.framework; sourceTree = SDKROOT; };
		44798E241584FFFE001DCBFE /* Foundation.framework */ = {isa = PBXFileReference; lastKnownFileType = wrapper.framework; name = Foundation.framework; path = System/Library/Frameworks/Foundation.framework; sourceTree = SDKROOT; };
		44798E261584FFFE001DCBFE /* CoreGraphics.framework */ = {isa = PBXFileReference; lastKnownFileType = wrapper.framework; name = CoreGraphics.framework; path = System/Library/Frameworks/CoreGraphics.framework; sourceTree = SDKROOT; };
		44798E2A1584FFFE001DCBFE /* booker_craig_project3-Info.plist */ = {isa = PBXFileReference; path = "booker_craig_project3-Info.plist"; sourceTree = "<group>"; };
		44798E2C1584FFFE001DCBFE /* en */ = {isa = PBXFileReference; lastKnownFileType = text.plist.strings; name = en; path = en.lproj/InfoPlist.strings; sourceTree = "<group>"; };
		44798E2E1584FFFE001DCBFE /* main.m */ = {isa = PBXFileReference; lastKnownFileType = sourcecode.c.objc; path = main.m; sourceTree = "<group>"; };
		44798E301584FFFE001DCBFE /* booker_craig_project3-Prefix.pch */ = {isa = PBXFileReference; path = "booker_craig_project3-Prefix.pch"; sourceTree = "<group>"; };
		44798E311584FFFE001DCBFE /* AppDelegate.h */ = {isa = PBXFileReference; path = AppDelegate.h; sourceTree = "<group>"; };
		44798E321584FFFE001DCBFE /* AppDelegate.m */ = {isa = PBXFileReference; lastKnownFileType = sourcecode.c.objc; path = AppDelegate.m; sourceTree = "<group>"; };
		44798E341584FFFE001DCBFE /* ViewController.h */ = {isa = PBXFileReference; path = ViewController.h; sourceTree = "<group>"; };
		44798E351584FFFE001DCBFE /* ViewController.m */ = {isa = PBXFileReference; lastKnownFileType = sourcecode.c.objc; path = ViewController.m; sourceTree = "<group>"; };
		44798E381584FFFE001DCBFE /* en */ = {isa = PBXFileReference; lastKnownFileType = file.xib; name = en; path = en.lproj/ViewController.xib; sourceTree = "<group>"; };
/* End PBXFileReference section */

/* Begin PBXFrameworksBuildPhase section */
		44798E1B1584FFFE001DCBFE /* Frameworks */ = {
			isa = PBXFrameworksBuildPhase;
			buildActionMask = 2147483647;
			files = (
				44798E231584FFFE001DCBFE /* UIKit.framework in Frameworks */,
				44798E251584FFFE001DCBFE /* Foundation.framework in Frameworks */,
				44798E271584FFFE001DCBFE /* CoreGraphics.framework in Frameworks */,
			);
			runOnlyForDeploymentPostprocessing = 0;
		};
/* End PBXFrameworksBuildPhase section */

/* Begin PBXGroup section */
		44798E131584FFFE001DCBFE = {
			isa = PBXGroup;
			children = (
				44798E281584FFFE001DCBFE /* booker_craig_project3 */,
				44798E211584FFFE001DCBFE /* Frameworks */,
				44798E1F1584FFFE001DCBFE /* Products */,
			);
			sourceTree = "<group>";
		};
		44798E1F1584FFFE001DCBFE /* Products */ = {
			isa = PBXGroup;
			children = (
				44798E1E1584FFFE001DCBFE /* booker_craig_project3.app */,
			);
			name = Products;
			sourceTree = "<group>";
		};
		44798E211584FFFE001DCBFE /* Frameworks */ = {
			isa = PBXGroup;
			children = (
				44798E221584FFFE001DCBFE /* UIKit.framework */,
				44798E241584FFFE001DCBFE /* Foundation.framework */,
				44798E261584FFFE001DCBFE /* CoreGraphics.framework */,
			);
			name = Frameworks;
			sourceTree = "<group>";
		};
		44798E281584FFFE001DCBFE /* booker_craig_project3 */ = {
			isa = PBXGroup;
			children = (
				44798E311584FFFE001DCBFE /* AppDelegate.h */,
				44798E321584FFFE001DCBFE /* AppDelegate.m */,
				44798E341584FFFE001DCBFE /* ViewController.h */,
				44798E351584FFFE001DCBFE /* ViewController.m */,
				44798E371584FFFE001DCBFE /* ViewController.xib */,
				44798E291584FFFE001DCBFE /* Supporting Files */,
			);
			path = booker_craig_project3;
			sourceTree = "<group>";
		};
		44798E291584FFFE001DCBFE /* Supporting Files */ = {
			isa = PBXGroup;
			children = (
				44798E2A1584FFFE001DCBFE /* booker_craig_project3-Info.plist */,
				44798E2B1584FFFE001DCBFE /* InfoPlist.strings */,
				44798E2E1584FFFE001DCBFE /* main.m */,
				44798E301584FFFE001DCBFE /* booker_craig_project3-Prefix.pch */,
			);
			name = "Supporting Files";
			sourceTree = "<group>";
		};
/* End PBXGroup section */

/* Begin PBXNativeTarget section */
		44798E1D1584FFFE001DCBFE /* booker_craig_project3 */ = {
			isa = PBXNativeTarget;
			buildConfigurationList = 44798E3C1584FFFE001DCBFE /* Build configuration list for PBXNativeTarget "booker_craig_project3" */;
			buildPhases = (
				44798E1A1584FFFE001DCBFE /* Sources */,
				44798E1B1584FFFE001DCBFE /* Frameworks */,
				44798E1C1584FFFE001DCBFE /* Resources */,
			);
			buildRules = (
			);
			dependencies = (
			);
			name = booker_craig_project3;
			productName = booker_craig_project3;
			productReference = 44798E1E1584FFFE001DCBFE /* booker_craig_project3.app */;
			productType = "com.apple.product-type.application";
		};
/* End PBXNativeTarget section */

/* Begin PBXProject section */
		44798E151584FFFE001DCBFE /* Project object */ = {
			isa = PBXProject;
			attributes = {
				LastUpgradeCheck = 0430;
			};
			buildConfigurationList = 44798E181584FFFE001DCBFE /* Build configuration list for PBXProject "booker_craig_project3" */;
			compatibilityVersion = "Xcode 3.2";
			developmentRegion = English;
			hasScannedForEncodings = 0;
			knownRegions = (
				en,
			);
			mainGroup = 44798E131584FFFE001DCBFE;
			productRefGroup = 44798E1F1584FFFE001DCBFE /* Products */;
			projectDirPath = "";
			projectRoot = "";
			targets = (
				44798E1D1584FFFE001DCBFE /* booker_craig_project3 */,
			);
		};
/* End PBXProject section */

/* Begin PBXResourcesBuildPhase section */
		44798E1C1584FFFE001DCBFE /* Resources */ = {
			isa = PBXResourcesBuildPhase;
			buildActionMask = 2147483647;
			files = (
				44798E2D1584FFFE001DCBFE /* InfoPlist.strings in Resources */,
				44798E391584FFFE001DCBFE /* ViewController.xib in Resources */,
			);
			runOnlyForDeploymentPostprocessing = 0;
		};
/* End PBXResourcesBuildPhase section */

/* Begin PBXSourcesBuildPhase section */
		44798E1A1584FFFE001DCBFE /* Sources */ = {
			isa = PBXSourcesBuildPhase;
			buildActionMask = 2147483647;
			files = (
				44798E2F1584FFFE001DCBFE /* main.m in Sources */,
				44798E331584FFFE001DCBFE /* AppDelegate.m in Sources */,
				44798E361584FFFE001DCBFE /* ViewController.m in Sources */,
			);
			runOnlyForDeploymentPostprocessing = 0;
		};
/* End PBXSourcesBuildPhase section */

/* Begin PBXVariantGroup section */
		44798E2B1584FFFE001DCBFE /* InfoPlist.strings */ = {
			isa = PBXVariantGroup;
			children = (
				44798E2C1584FFFE001DCBFE /* en */,
			);
			name = InfoPlist.strings;
			sourceTree = "<group>";
		};
		44798E371584FFFE001DCBFE /* ViewController.xib */ = {
			isa = PBXVariantGroup;
			children = (
				44798E381584FFFE001DCBFE /* en */,
			);
			name = ViewController.xib;
			sourceTree = "<group>";
		};
/* End PBXVariantGroup section */

/* Begin XCBuildConfiguration section */
		44798E3A1584FFFE001DCBFE /* Debug */ = {
			isa = XCBuildConfiguration;
			buildSettings = {
				ALWAYS_SEARCH_USER_PATHS = NO;
				ARCHS = "$(ARCHS_STANDARD_32_BIT)";
				"CODE_SIGN_IDENTITY[sdk=iphoneos*]" = "iPhone Developer";
				COPY_PHASE_STRIP = NO;
				GCC_C_LANGUAGE_STANDARD = gnu99;
				GCC_DYNAMIC_NO_PIC = NO;
				GCC_OPTIMIZATION_LEVEL = 0;
				GCC_PREPROCESSOR_DEFINITIONS = (
					"DEBUG=1",
					"$(inherited)",
				);
				GCC_SYMBOLS_PRIVATE_EXTERN = NO;
				GCC_VERSION = com.apple.compilers.llvm.clang.1_0;
				GCC_WARN_ABOUT_RETURN_TYPE = YES;
				GCC_WARN_UNINITIALIZED_AUTOS = YES;
				GCC_WARN_UNUSED_VARIABLE = YES;
				IPHONEOS_DEPLOYMENT_TARGET = 5.1;
				SDKROOT = iphoneos;
			};
			name = Debug;
		};
		44798E3B1584FFFE001DCBFE /* Release */ = {
			isa = XCBuildConfiguration;
			buildSettings = {
				ALWAYS_SEARCH_USER_PATHS = NO;
				ARCHS = "$(ARCHS_STANDARD_32_BIT)";
				"CODE_SIGN_IDENTITY[sdk=iphoneos*]" = "iPhone Developer";
				COPY_PHASE_STRIP = YES;
				GCC_C_LANGUAGE_STANDARD = gnu99;
				GCC_VERSION = com.apple.compilers.llvm.clang.1_0;
				GCC_WARN_ABOUT_RETURN_TYPE = YES;
				GCC_WARN_UNINITIALIZED_AUTOS = YES;
				GCC_WARN_UNUSED_VARIABLE = YES;
				IPHONEOS_DEPLOYMENT_TARGET = 5.1;
				OTHER_CFLAGS = "-DNS_BLOCK_ASSERTIONS=1";
				SDKROOT = iphoneos;
				VALIDATE_PRODUCT = YES;
			};
			name = Release;
		};
		44798E3D1584FFFE001DCBFE /* Debug */ = {
			isa = XCBuildConfiguration;
			buildSettings = {
				GCC_PRECOMPILE_PREFIX_HEADER = YES;
				GCC_PREFIX_HEADER = "booker_craig_project3/booker_craig_project3-Prefix.pch";
				INFOPLIST_FILE = "booker_craig_project3/booker_craig_project3-Info.plist";
				PRODUCT_NAME = "$(TARGET_NAME)";
				WRAPPER_EXTENSION = app;
			};
			name = Debug;
		};
		44798E3E1584FFFE001DCBFE /* Release */ = {
			isa = XCBuildConfiguration;
			buildSettings = {
				GCC_PRECOMPILE_PREFIX_HEADER = YES;
				GCC_PREFIX_HEADER = "booker_craig_project3/booker_craig_project3-Prefix.pch";
				INFOPLIST_FILE = "booker_craig_project3/booker_craig_project3-Info.plist";
				PRODUCT_NAME = "$(TARGET_NAME)";
				WRAPPER_EXTENSION = app;
			};
			name = Release;
		};
/* End XCBuildConfiguration section */

/* Begin XCConfigurationList section */
		44798E181584FFFE001DCBFE /* Build configuration list for PBXProject "booker_craig_project3" */ = {
			isa = XCConfigurationList;
			buildConfigurations = (
				44798E3A1584FFFE001DCBFE /* Debug */,
				44798E3B1584FFFE001DCBFE /* Release */,
			);
			defaultConfigurationIsVisible = 0;
			defaultConfigurationName = Release;
		};
		44798E3C1584FFFE001DCBFE /* Build configuration list for PBXNativeTarget "booker_craig_project3" */ = {
			isa = XCConfigurationList;
			buildConfigurations = (
				44798E3D1584FFFE001DCBFE /* Debug */,
				44798E3E1584FFFE001DCBFE /* Release */,
			);
			defaultConfigurationIsVisible = 0;
		};
/* End XCConfigurationList section */
	};
	rootObject = 44798E151584FFFE001DCBFE /* Project object */;
}
