// !$*UTF8*$!
{
	archiveVersion = 1;
	classes = {
	};
	objectVersion = 46;
	objects = {

/* Begin PBXBuildFile section */
		44F73B4615461FE600CA3ACA /* UIKit.framework in Frameworks */ = {isa = PBXBuildFile; fileRef = 44F73B4515461FE600CA3ACA /* UIKit.framework */; };
		44F73B4815461FE600CA3ACA /* Foundation.framework in Frameworks */ = {isa = PBXBuildFile; fileRef = 44F73B4715461FE600CA3ACA /* Foundation.framework */; };
		44F73B4A15461FE600CA3ACA /* CoreGraphics.framework in Frameworks */ = {isa = PBXBuildFile; fileRef = 44F73B4915461FE600CA3ACA /* CoreGraphics.framework */; };
		44F73B5015461FE600CA3ACA /* InfoPlist.strings in Resources */ = {isa = PBXBuildFile; fileRef = 44F73B4E15461FE600CA3ACA /* InfoPlist.strings */; };
		44F73B5215461FE600CA3ACA /* main.m in Sources */ = {isa = PBXBuildFile; fileRef = 44F73B5115461FE600CA3ACA /* main.m */; };
		44F73B5615461FE600CA3ACA /* AppDelegate.m in Sources */ = {isa = PBXBuildFile; fileRef = 44F73B5515461FE600CA3ACA /* AppDelegate.m */; };
		44F73B5915461FE600CA3ACA /* MainStoryboard.storyboard in Resources */ = {isa = PBXBuildFile; fileRef = 44F73B5715461FE600CA3ACA /* MainStoryboard.storyboard */; };
		44F73B5C15461FE600CA3ACA /* ViewController.m in Sources */ = {isa = PBXBuildFile; fileRef = 44F73B5B15461FE600CA3ACA /* ViewController.m */; };
		44F73B631546209C00CA3ACA /* TopView.xib in Resources */ = {isa = PBXBuildFile; fileRef = 44F73B621546209C00CA3ACA /* TopView.xib */; };
		44F73B65154620DA00CA3ACA /* ViewController.xib in Resources */ = {isa = PBXBuildFile; fileRef = 44F73B64154620DA00CA3ACA /* ViewController.xib */; };
		44F73B681546212B00CA3ACA /* TopViewController.m in Sources */ = {isa = PBXBuildFile; fileRef = 44F73B671546212B00CA3ACA /* TopViewController.m */; };
/* End PBXBuildFile section */

/* Begin PBXFileReference section */
		44F73B4115461FE600CA3ACA /* project4.app */ = {isa = PBXFileReference; explicitFileType = wrapper.application; includeInIndex = 0; path = project4.app; sourceTree = BUILT_PRODUCTS_DIR; };
		44F73B4515461FE600CA3ACA /* UIKit.framework */ = {isa = PBXFileReference; lastKnownFileType = wrapper.framework; name = UIKit.framework; path = System/Library/Frameworks/UIKit.framework; sourceTree = SDKROOT; };
		44F73B4715461FE600CA3ACA /* Foundation.framework */ = {isa = PBXFileReference; lastKnownFileType = wrapper.framework; name = Foundation.framework; path = System/Library/Frameworks/Foundation.framework; sourceTree = SDKROOT; };
		44F73B4915461FE600CA3ACA /* CoreGraphics.framework */ = {isa = PBXFileReference; lastKnownFileType = wrapper.framework; name = CoreGraphics.framework; path = System/Library/Frameworks/CoreGraphics.framework; sourceTree = SDKROOT; };
		44F73B4D15461FE600CA3ACA /* project4-Info.plist */ = {isa = PBXFileReference; lastKnownFileType = text.plist.xml; path = "project4-Info.plist"; sourceTree = "<group>"; };
		44F73B4F15461FE600CA3ACA /* en */ = {isa = PBXFileReference; lastKnownFileType = text.plist.strings; name = en; path = en.lproj/InfoPlist.strings; sourceTree = "<group>"; };
		44F73B5115461FE600CA3ACA /* main.m */ = {isa = PBXFileReference; lastKnownFileType = sourcecode.c.objc; path = main.m; sourceTree = "<group>"; };
		44F73B5315461FE600CA3ACA /* project4-Prefix.pch */ = {isa = PBXFileReference; lastKnownFileType = sourcecode.c.h; path = "project4-Prefix.pch"; sourceTree = "<group>"; };
		44F73B5415461FE600CA3ACA /* AppDelegate.h */ = {isa = PBXFileReference; lastKnownFileType = sourcecode.c.h; path = AppDelegate.h; sourceTree = "<group>"; };
		44F73B5515461FE600CA3ACA /* AppDelegate.m */ = {isa = PBXFileReference; lastKnownFileType = sourcecode.c.objc; path = AppDelegate.m; sourceTree = "<group>"; };
		44F73B5815461FE600CA3ACA /* en */ = {isa = PBXFileReference; lastKnownFileType = file.storyboard; name = en; path = en.lproj/MainStoryboard.storyboard; sourceTree = "<group>"; };
		44F73B5A15461FE600CA3ACA /* ViewController.h */ = {isa = PBXFileReference; lastKnownFileType = sourcecode.c.h; path = ViewController.h; sourceTree = "<group>"; };
		44F73B5B15461FE600CA3ACA /* ViewController.m */ = {isa = PBXFileReference; lastKnownFileType = sourcecode.c.objc; path = ViewController.m; sourceTree = "<group>"; };
		44F73B621546209C00CA3ACA /* TopView.xib */ = {isa = PBXFileReference; fileEncoding = 4; lastKnownFileType = file.xib; path = TopView.xib; sourceTree = "<group>"; };
		44F73B64154620DA00CA3ACA /* ViewController.xib */ = {isa = PBXFileReference; fileEncoding = 4; lastKnownFileType = file.xib; path = ViewController.xib; sourceTree = "<group>"; };
		44F73B661546212B00CA3ACA /* TopViewController.h */ = {isa = PBXFileReference; fileEncoding = 4; lastKnownFileType = sourcecode.c.h; path = TopViewController.h; sourceTree = "<group>"; };
		44F73B671546212B00CA3ACA /* TopViewController.m */ = {isa = PBXFileReference; fileEncoding = 4; lastKnownFileType = sourcecode.c.objc; path = TopViewController.m; sourceTree = "<group>"; };
/* End PBXFileReference section */

/* Begin PBXFrameworksBuildPhase section */
		44F73B3E15461FE600CA3ACA /* Frameworks */ = {
			isa = PBXFrameworksBuildPhase;
			buildActionMask = 2147483647;
			files = (
				44F73B4615461FE600CA3ACA /* UIKit.framework in Frameworks */,
				44F73B4815461FE600CA3ACA /* Foundation.framework in Frameworks */,
				44F73B4A15461FE600CA3ACA /* CoreGraphics.framework in Frameworks */,
			);
			runOnlyForDeploymentPostprocessing = 0;
		};
/* End PBXFrameworksBuildPhase section */

/* Begin PBXGroup section */
		44F73B3615461FE600CA3ACA = {
			isa = PBXGroup;
			children = (
				44F73B4B15461FE600CA3ACA /* project4 */,
				44F73B4415461FE600CA3ACA /* Frameworks */,
				44F73B4215461FE600CA3ACA /* Products */,
			);
			sourceTree = "<group>";
		};
		44F73B4215461FE600CA3ACA /* Products */ = {
			isa = PBXGroup;
			children = (
				44F73B4115461FE600CA3ACA /* project4.app */,
			);
			name = Products;
			sourceTree = "<group>";
		};
		44F73B4415461FE600CA3ACA /* Frameworks */ = {
			isa = PBXGroup;
			children = (
				44F73B4515461FE600CA3ACA /* UIKit.framework */,
				44F73B4715461FE600CA3ACA /* Foundation.framework */,
				44F73B4915461FE600CA3ACA /* CoreGraphics.framework */,
			);
			name = Frameworks;
			sourceTree = "<group>";
		};
		44F73B4B15461FE600CA3ACA /* project4 */ = {
			isa = PBXGroup;
			children = (
				44F73B661546212B00CA3ACA /* TopViewController.h */,
				44F73B671546212B00CA3ACA /* TopViewController.m */,
				44F73B5415461FE600CA3ACA /* AppDelegate.h */,
				44F73B5515461FE600CA3ACA /* AppDelegate.m */,
				44F73B5715461FE600CA3ACA /* MainStoryboard.storyboard */,
				44F73B5A15461FE600CA3ACA /* ViewController.h */,
				44F73B64154620DA00CA3ACA /* ViewController.xib */,
				44F73B621546209C00CA3ACA /* TopView.xib */,
				44F73B5B15461FE600CA3ACA /* ViewController.m */,
				44F73B4C15461FE600CA3ACA /* Supporting Files */,
			);
			path = project4;
			sourceTree = "<group>";
		};
		44F73B4C15461FE600CA3ACA /* Supporting Files */ = {
			isa = PBXGroup;
			children = (
				44F73B4D15461FE600CA3ACA /* project4-Info.plist */,
				44F73B4E15461FE600CA3ACA /* InfoPlist.strings */,
				44F73B5115461FE600CA3ACA /* main.m */,
				44F73B5315461FE600CA3ACA /* project4-Prefix.pch */,
			);
			name = "Supporting Files";
			sourceTree = "<group>";
		};
/* End PBXGroup section */

/* Begin PBXNativeTarget section */
		44F73B4015461FE600CA3ACA /* project4 */ = {
			isa = PBXNativeTarget;
			buildConfigurationList = 44F73B5F15461FE600CA3ACA /* Build configuration list for PBXNativeTarget "project4" */;
			buildPhases = (
				44F73B3D15461FE600CA3ACA /* Sources */,
				44F73B3E15461FE600CA3ACA /* Frameworks */,
				44F73B3F15461FE600CA3ACA /* Resources */,
			);
			buildRules = (
			);
			dependencies = (
			);
			name = project4;
			productName = project4;
			productReference = 44F73B4115461FE600CA3ACA /* project4.app */;
			productType = "com.apple.product-type.application";
		};
/* End PBXNativeTarget section */

/* Begin PBXProject section */
		44F73B3815461FE600CA3ACA /* Project object */ = {
			isa = PBXProject;
			attributes = {
				LastUpgradeCheck = 0430;
			};
			buildConfigurationList = 44F73B3B15461FE600CA3ACA /* Build configuration list for PBXProject "project4" */;
			compatibilityVersion = "Xcode 3.2";
			developmentRegion = English;
			hasScannedForEncodings = 0;
			knownRegions = (
				en,
			);
			mainGroup = 44F73B3615461FE600CA3ACA;
			productRefGroup = 44F73B4215461FE600CA3ACA /* Products */;
			projectDirPath = "";
			projectRoot = "";
			targets = (
				44F73B4015461FE600CA3ACA /* project4 */,
			);
		};
/* End PBXProject section */

/* Begin PBXResourcesBuildPhase section */
		44F73B3F15461FE600CA3ACA /* Resources */ = {
			isa = PBXResourcesBuildPhase;
			buildActionMask = 2147483647;
			files = (
				44F73B5015461FE600CA3ACA /* InfoPlist.strings in Resources */,
				44F73B5915461FE600CA3ACA /* MainStoryboard.storyboard in Resources */,
				44F73B631546209C00CA3ACA /* TopView.xib in Resources */,
				44F73B65154620DA00CA3ACA /* ViewController.xib in Resources */,
			);
			runOnlyForDeploymentPostprocessing = 0;
		};
/* End PBXResourcesBuildPhase section */

/* Begin PBXSourcesBuildPhase section */
		44F73B3D15461FE600CA3ACA /* Sources */ = {
			isa = PBXSourcesBuildPhase;
			buildActionMask = 2147483647;
			files = (
				44F73B5215461FE600CA3ACA /* main.m in Sources */,
				44F73B5615461FE600CA3ACA /* AppDelegate.m in Sources */,
				44F73B5C15461FE600CA3ACA /* ViewController.m in Sources */,
				44F73B681546212B00CA3ACA /* TopViewController.m in Sources */,
			);
			runOnlyForDeploymentPostprocessing = 0;
		};
/* End PBXSourcesBuildPhase section */

/* Begin PBXVariantGroup section */
		44F73B4E15461FE600CA3ACA /* InfoPlist.strings */ = {
			isa = PBXVariantGroup;
			children = (
				44F73B4F15461FE600CA3ACA /* en */,
			);
			name = InfoPlist.strings;
			sourceTree = "<group>";
		};
		44F73B5715461FE600CA3ACA /* MainStoryboard.storyboard */ = {
			isa = PBXVariantGroup;
			children = (
				44F73B5815461FE600CA3ACA /* en */,
			);
			name = MainStoryboard.storyboard;
			sourceTree = "<group>";
		};
/* End PBXVariantGroup section */

/* Begin XCBuildConfiguration section */
		44F73B5D15461FE600CA3ACA /* Debug */ = {
			isa = XCBuildConfiguration;
			buildSettings = {
				ALWAYS_SEARCH_USER_PATHS = NO;
				ARCHS = "$(ARCHS_STANDARD_32_BIT)";
				CLANG_ENABLE_OBJC_ARC = YES;
				"CODE_SIGN_IDENTITY[sdk=iphoneos*]" = "iPhone Developer";
				COPY_PHASE_STRIP = NO;
				GCC_C_LANGUAGE_STANDARD = gnu99;
				GCC_DYNAMIC_NO_PIC = NO;
				GCC_OPTIMIZATION_LEVEL = 0;
				GCC_PREPROCESSOR_DEFINITIONS = (
					"DEBUG=1",
					"$(inherited)",
				);
				GCC_SYMBOLS_PRIVATE_EXTERN = NO;
				GCC_VERSION = com.apple.compilers.llvm.clang.1_0;
				GCC_WARN_ABOUT_RETURN_TYPE = YES;
				GCC_WARN_UNINITIALIZED_AUTOS = YES;
				GCC_WARN_UNUSED_VARIABLE = YES;
				IPHONEOS_DEPLOYMENT_TARGET = 5.1;
				SDKROOT = iphoneos;
			};
			name = Debug;
		};
		44F73B5E15461FE600CA3ACA /* Release */ = {
			isa = XCBuildConfiguration;
			buildSettings = {
				ALWAYS_SEARCH_USER_PATHS = NO;
				ARCHS = "$(ARCHS_STANDARD_32_BIT)";
				CLANG_ENABLE_OBJC_ARC = YES;
				"CODE_SIGN_IDENTITY[sdk=iphoneos*]" = "iPhone Developer";
				COPY_PHASE_STRIP = YES;
				GCC_C_LANGUAGE_STANDARD = gnu99;
				GCC_VERSION = com.apple.compilers.llvm.clang.1_0;
				GCC_WARN_ABOUT_RETURN_TYPE = YES;
				GCC_WARN_UNINITIALIZED_AUTOS = YES;
				GCC_WARN_UNUSED_VARIABLE = YES;
				IPHONEOS_DEPLOYMENT_TARGET = 5.1;
				OTHER_CFLAGS = "-DNS_BLOCK_ASSERTIONS=1";
				SDKROOT = iphoneos;
				VALIDATE_PRODUCT = YES;
			};
			name = Release;
		};
		44F73B6015461FE600CA3ACA /* Debug */ = {
			isa = XCBuildConfiguration;
			buildSettings = {
				GCC_PRECOMPILE_PREFIX_HEADER = YES;
				GCC_PREFIX_HEADER = "project4/project4-Prefix.pch";
				INFOPLIST_FILE = "project4/project4-Info.plist";
				PRODUCT_NAME = "$(TARGET_NAME)";
				WRAPPER_EXTENSION = app;
			};
			name = Debug;
		};
		44F73B6115461FE600CA3ACA /* Release */ = {
			isa = XCBuildConfiguration;
			buildSettings = {
				GCC_PRECOMPILE_PREFIX_HEADER = YES;
				GCC_PREFIX_HEADER = "project4/project4-Prefix.pch";
				INFOPLIST_FILE = "project4/project4-Info.plist";
				PRODUCT_NAME = "$(TARGET_NAME)";
				WRAPPER_EXTENSION = app;
			};
			name = Release;
		};
/* End XCBuildConfiguration section */

/* Begin XCConfigurationList section */
		44F73B3B15461FE600CA3ACA /* Build configuration list for PBXProject "project4" */ = {
			isa = XCConfigurationList;
			buildConfigurations = (
				44F73B5D15461FE600CA3ACA /* Debug */,
				44F73B5E15461FE600CA3ACA /* Release */,
			);
			defaultConfigurationIsVisible = 0;
			defaultConfigurationName = Release;
		};
		44F73B5F15461FE600CA3ACA /* Build configuration list for PBXNativeTarget "project4" */ = {
			isa = XCConfigurationList;
			buildConfigurations = (
				44F73B6015461FE600CA3ACA /* Debug */,
				44F73B6115461FE600CA3ACA /* Release */,
			);
			defaultConfigurationIsVisible = 0;
		};
/* End XCConfigurationList section */
	};
	rootObject = 44F73B3815461FE600CA3ACA /* Project object */;
}
