// !$*UTF8*$!
{
	archiveVersion = 1;
	classes = {
	};
	objectVersion = 46;
	objects = {

/* Begin PBXBuildFile section */
		442E222E15470F0E00BF1122 /* UIKit.framework in Frameworks */ = {isa = PBXBuildFile; fileRef = 442E222D15470F0E00BF1122 /* UIKit.framework */; };
		442E223015470F0E00BF1122 /* Foundation.framework in Frameworks */ = {isa = PBXBuildFile; fileRef = 442E222F15470F0E00BF1122 /* Foundation.framework */; };
		442E223215470F0E00BF1122 /* CoreGraphics.framework in Frameworks */ = {isa = PBXBuildFile; fileRef = 442E223115470F0E00BF1122 /* CoreGraphics.framework */; };
		442E223815470F0E00BF1122 /* InfoPlist.strings in Resources */ = {isa = PBXBuildFile; fileRef = 442E223615470F0E00BF1122 /* InfoPlist.strings */; };
		442E223A15470F0E00BF1122 /* main.m in Sources */ = {isa = PBXBuildFile; fileRef = 442E223915470F0E00BF1122 /* main.m */; };
		442E223E15470F0E00BF1122 /* AppDelegate.m in Sources */ = {isa = PBXBuildFile; fileRef = 442E223D15470F0E00BF1122 /* AppDelegate.m */; };
		442E224415470F0E00BF1122 /* ViewController.m in Sources */ = {isa = PBXBuildFile; fileRef = 442E224315470F0E00BF1122 /* ViewController.m */; };
		442E224B15470F4000BF1122 /* TopView.xib in Resources */ = {isa = PBXBuildFile; fileRef = 442E224A15470F4000BF1122 /* TopView.xib */; };
/* End PBXBuildFile section */

/* Begin PBXFileReference section */
		442E222915470F0E00BF1122 /* practice11.app */ = {isa = PBXFileReference; explicitFileType = wrapper.application; includeInIndex = 0; path = practice11.app; sourceTree = BUILT_PRODUCTS_DIR; };
		442E222D15470F0E00BF1122 /* UIKit.framework */ = {isa = PBXFileReference; lastKnownFileType = wrapper.framework; name = UIKit.framework; path = System/Library/Frameworks/UIKit.framework; sourceTree = SDKROOT; };
		442E222F15470F0E00BF1122 /* Foundation.framework */ = {isa = PBXFileReference; lastKnownFileType = wrapper.framework; name = Foundation.framework; path = System/Library/Frameworks/Foundation.framework; sourceTree = SDKROOT; };
		442E223115470F0E00BF1122 /* CoreGraphics.framework */ = {isa = PBXFileReference; lastKnownFileType = wrapper.framework; name = CoreGraphics.framework; path = System/Library/Frameworks/CoreGraphics.framework; sourceTree = SDKROOT; };
		442E223515470F0E00BF1122 /* practice11-Info.plist */ = {isa = PBXFileReference; lastKnownFileType = text.plist.xml; path = "practice11-Info.plist"; sourceTree = "<group>"; };
		442E223715470F0E00BF1122 /* en */ = {isa = PBXFileReference; lastKnownFileType = text.plist.strings; name = en; path = en.lproj/InfoPlist.strings; sourceTree = "<group>"; };
		442E223915470F0E00BF1122 /* main.m */ = {isa = PBXFileReference; lastKnownFileType = sourcecode.c.objc; path = main.m; sourceTree = "<group>"; };
		442E223B15470F0E00BF1122 /* practice11-Prefix.pch */ = {isa = PBXFileReference; lastKnownFileType = sourcecode.c.h; path = "practice11-Prefix.pch"; sourceTree = "<group>"; };
		442E223C15470F0E00BF1122 /* AppDelegate.h */ = {isa = PBXFileReference; lastKnownFileType = sourcecode.c.h; path = AppDelegate.h; sourceTree = "<group>"; };
		442E223D15470F0E00BF1122 /* AppDelegate.m */ = {isa = PBXFileReference; lastKnownFileType = sourcecode.c.objc; path = AppDelegate.m; sourceTree = "<group>"; };
		442E224215470F0E00BF1122 /* ViewController.h */ = {isa = PBXFileReference; lastKnownFileType = sourcecode.c.h; path = ViewController.h; sourceTree = "<group>"; };
		442E224315470F0E00BF1122 /* ViewController.m */ = {isa = PBXFileReference; lastKnownFileType = sourcecode.c.objc; path = ViewController.m; sourceTree = "<group>"; };
		442E224A15470F4000BF1122 /* TopView.xib */ = {isa = PBXFileReference; fileEncoding = 4; lastKnownFileType = file.xib; path = TopView.xib; sourceTree = "<group>"; };
/* End PBXFileReference section */

/* Begin PBXFrameworksBuildPhase section */
		442E222615470F0E00BF1122 /* Frameworks */ = {
			isa = PBXFrameworksBuildPhase;
			buildActionMask = 2147483647;
			files = (
				442E222E15470F0E00BF1122 /* UIKit.framework in Frameworks */,
				442E223015470F0E00BF1122 /* Foundation.framework in Frameworks */,
				442E223215470F0E00BF1122 /* CoreGraphics.framework in Frameworks */,
			);
			runOnlyForDeploymentPostprocessing = 0;
		};
/* End PBXFrameworksBuildPhase section */

/* Begin PBXGroup section */
		442E221E15470F0E00BF1122 = {
			isa = PBXGroup;
			children = (
				442E223315470F0E00BF1122 /* practice11 */,
				442E222C15470F0E00BF1122 /* Frameworks */,
				442E222A15470F0E00BF1122 /* Products */,
			);
			sourceTree = "<group>";
		};
		442E222A15470F0E00BF1122 /* Products */ = {
			isa = PBXGroup;
			children = (
				442E222915470F0E00BF1122 /* practice11.app */,
			);
			name = Products;
			sourceTree = "<group>";
		};
		442E222C15470F0E00BF1122 /* Frameworks */ = {
			isa = PBXGroup;
			children = (
				442E222D15470F0E00BF1122 /* UIKit.framework */,
				442E222F15470F0E00BF1122 /* Foundation.framework */,
				442E223115470F0E00BF1122 /* CoreGraphics.framework */,
			);
			name = Frameworks;
			sourceTree = "<group>";
		};
		442E223315470F0E00BF1122 /* practice11 */ = {
			isa = PBXGroup;
			children = (
				442E223C15470F0E00BF1122 /* AppDelegate.h */,
				442E223D15470F0E00BF1122 /* AppDelegate.m */,
				442E224215470F0E00BF1122 /* ViewController.h */,
				442E224A15470F4000BF1122 /* TopView.xib */,
				442E224315470F0E00BF1122 /* ViewController.m */,
				442E223415470F0E00BF1122 /* Supporting Files */,
			);
			path = practice11;
			sourceTree = "<group>";
		};
		442E223415470F0E00BF1122 /* Supporting Files */ = {
			isa = PBXGroup;
			children = (
				442E223515470F0E00BF1122 /* practice11-Info.plist */,
				442E223615470F0E00BF1122 /* InfoPlist.strings */,
				442E223915470F0E00BF1122 /* main.m */,
				442E223B15470F0E00BF1122 /* practice11-Prefix.pch */,
			);
			name = "Supporting Files";
			sourceTree = "<group>";
		};
/* End PBXGroup section */

/* Begin PBXNativeTarget section */
		442E222815470F0E00BF1122 /* practice11 */ = {
			isa = PBXNativeTarget;
			buildConfigurationList = 442E224715470F0E00BF1122 /* Build configuration list for PBXNativeTarget "practice11" */;
			buildPhases = (
				442E222515470F0E00BF1122 /* Sources */,
				442E222615470F0E00BF1122 /* Frameworks */,
				442E222715470F0E00BF1122 /* Resources */,
			);
			buildRules = (
			);
			dependencies = (
			);
			name = practice11;
			productName = practice11;
			productReference = 442E222915470F0E00BF1122 /* practice11.app */;
			productType = "com.apple.product-type.application";
		};
/* End PBXNativeTarget section */

/* Begin PBXProject section */
		442E222015470F0E00BF1122 /* Project object */ = {
			isa = PBXProject;
			attributes = {
				LastUpgradeCheck = 0430;
			};
			buildConfigurationList = 442E222315470F0E00BF1122 /* Build configuration list for PBXProject "practice11" */;
			compatibilityVersion = "Xcode 3.2";
			developmentRegion = English;
			hasScannedForEncodings = 0;
			knownRegions = (
				en,
			);
			mainGroup = 442E221E15470F0E00BF1122;
			productRefGroup = 442E222A15470F0E00BF1122 /* Products */;
			projectDirPath = "";
			projectRoot = "";
			targets = (
				442E222815470F0E00BF1122 /* practice11 */,
			);
		};
/* End PBXProject section */

/* Begin PBXResourcesBuildPhase section */
		442E222715470F0E00BF1122 /* Resources */ = {
			isa = PBXResourcesBuildPhase;
			buildActionMask = 2147483647;
			files = (
				442E223815470F0E00BF1122 /* InfoPlist.strings in Resources */,
				442E224B15470F4000BF1122 /* TopView.xib in Resources */,
			);
			runOnlyForDeploymentPostprocessing = 0;
		};
/* End PBXResourcesBuildPhase section */

/* Begin PBXSourcesBuildPhase section */
		442E222515470F0E00BF1122 /* Sources */ = {
			isa = PBXSourcesBuildPhase;
			buildActionMask = 2147483647;
			files = (
				442E223A15470F0E00BF1122 /* main.m in Sources */,
				442E223E15470F0E00BF1122 /* AppDelegate.m in Sources */,
				442E224415470F0E00BF1122 /* ViewController.m in Sources */,
			);
			runOnlyForDeploymentPostprocessing = 0;
		};
/* End PBXSourcesBuildPhase section */

/* Begin PBXVariantGroup section */
		442E223615470F0E00BF1122 /* InfoPlist.strings */ = {
			isa = PBXVariantGroup;
			children = (
				442E223715470F0E00BF1122 /* en */,
			);
			name = InfoPlist.strings;
			sourceTree = "<group>";
		};
/* End PBXVariantGroup section */

/* Begin XCBuildConfiguration section */
		442E224515470F0E00BF1122 /* Debug */ = {
			isa = XCBuildConfiguration;
			buildSettings = {
				ALWAYS_SEARCH_USER_PATHS = NO;
				ARCHS = "$(ARCHS_STANDARD_32_BIT)";
				CLANG_ENABLE_OBJC_ARC = YES;
				"CODE_SIGN_IDENTITY[sdk=iphoneos*]" = "iPhone Developer";
				COPY_PHASE_STRIP = NO;
				GCC_C_LANGUAGE_STANDARD = gnu99;
				GCC_DYNAMIC_NO_PIC = NO;
				GCC_OPTIMIZATION_LEVEL = 0;
				GCC_PREPROCESSOR_DEFINITIONS = (
					"DEBUG=1",
					"$(inherited)",
				);
				GCC_SYMBOLS_PRIVATE_EXTERN = NO;
				GCC_VERSION = com.apple.compilers.llvm.clang.1_0;
				GCC_WARN_ABOUT_RETURN_TYPE = YES;
				GCC_WARN_UNINITIALIZED_AUTOS = YES;
				GCC_WARN_UNUSED_VARIABLE = YES;
				IPHONEOS_DEPLOYMENT_TARGET = 5.1;
				SDKROOT = iphoneos;
			};
			name = Debug;
		};
		442E224615470F0E00BF1122 /* Release */ = {
			isa = XCBuildConfiguration;
			buildSettings = {
				ALWAYS_SEARCH_USER_PATHS = NO;
				ARCHS = "$(ARCHS_STANDARD_32_BIT)";
				CLANG_ENABLE_OBJC_ARC = YES;
				"CODE_SIGN_IDENTITY[sdk=iphoneos*]" = "iPhone Developer";
				COPY_PHASE_STRIP = YES;
				GCC_C_LANGUAGE_STANDARD = gnu99;
				GCC_VERSION = com.apple.compilers.llvm.clang.1_0;
				GCC_WARN_ABOUT_RETURN_TYPE = YES;
				GCC_WARN_UNINITIALIZED_AUTOS = YES;
				GCC_WARN_UNUSED_VARIABLE = YES;
				IPHONEOS_DEPLOYMENT_TARGET = 5.1;
				OTHER_CFLAGS = "-DNS_BLOCK_ASSERTIONS=1";
				SDKROOT = iphoneos;
				VALIDATE_PRODUCT = YES;
			};
			name = Release;
		};
		442E224815470F0E00BF1122 /* Debug */ = {
			isa = XCBuildConfiguration;
			buildSettings = {
				GCC_PRECOMPILE_PREFIX_HEADER = YES;
				GCC_PREFIX_HEADER = "practice11/practice11-Prefix.pch";
				INFOPLIST_FILE = "practice11/practice11-Info.plist";
				PRODUCT_NAME = "$(TARGET_NAME)";
				WRAPPER_EXTENSION = app;
			};
			name = Debug;
		};
		442E224915470F0E00BF1122 /* Release */ = {
			isa = XCBuildConfiguration;
			buildSettings = {
				GCC_PRECOMPILE_PREFIX_HEADER = YES;
				GCC_PREFIX_HEADER = "practice11/practice11-Prefix.pch";
				INFOPLIST_FILE = "practice11/practice11-Info.plist";
				PRODUCT_NAME = "$(TARGET_NAME)";
				WRAPPER_EXTENSION = app;
			};
			name = Release;
		};
/* End XCBuildConfiguration section */

/* Begin XCConfigurationList section */
		442E222315470F0E00BF1122 /* Build configuration list for PBXProject "practice11" */ = {
			isa = XCConfigurationList;
			buildConfigurations = (
				442E224515470F0E00BF1122 /* Debug */,
				442E224615470F0E00BF1122 /* Release */,
			);
			defaultConfigurationIsVisible = 0;
			defaultConfigurationName = Release;
		};
		442E224715470F0E00BF1122 /* Build configuration list for PBXNativeTarget "practice11" */ = {
			isa = XCConfigurationList;
			buildConfigurations = (
				442E224815470F0E00BF1122 /* Debug */,
				442E224915470F0E00BF1122 /* Release */,
			);
			defaultConfigurationIsVisible = 0;
		};
/* End XCConfigurationList section */
	};
	rootObject = 442E222015470F0E00BF1122 /* Project object */;
}
