// !$*UTF8*$!
{
	archiveVersion = 1;
	classes = {
	};
	objectVersion = 46;
	objects = {

/* Begin PBXBuildFile section */
		4429F15815DDA2190067E811 /* camera.png in Resources */ = {isa = PBXBuildFile; fileRef = 4429F15515DDA2190067E811 /* camera.png */; };
		4429F15915DDA2190067E811 /* info.png in Resources */ = {isa = PBXBuildFile; fileRef = 4429F15615DDA2190067E811 /* info.png */; };
		4429F15A15DDA2190067E811 /* videoCamera.png in Resources */ = {isa = PBXBuildFile; fileRef = 4429F15715DDA2190067E811 /* videoCamera.png */; };
		4429F15E15DDA3820067E811 /* ImageCapViewController.m in Sources */ = {isa = PBXBuildFile; fileRef = 4429F15D15DDA3820067E811 /* ImageCapViewController.m */; };
		4429F16315DDA39E0067E811 /* ImageCapView.xib in Resources */ = {isa = PBXBuildFile; fileRef = 4429F15F15DDA39E0067E811 /* ImageCapView.xib */; };
		4429F16415DDA39E0067E811 /* MovieCapViewController.xib in Resources */ = {isa = PBXBuildFile; fileRef = 4429F16015DDA39E0067E811 /* MovieCapViewController.xib */; };
		4429F16515DDA39E0067E811 /* MovieCapViewController.m in Sources */ = {isa = PBXBuildFile; fileRef = 4429F16215DDA39E0067E811 /* MovieCapViewController.m */; };
		4429F16915DDC3710067E811 /* MobileCoreServices.framework in Frameworks */ = {isa = PBXBuildFile; fileRef = 4429F16815DDC3710067E811 /* MobileCoreServices.framework */; };
		442BC0F515DDA192009CC43D /* UIKit.framework in Frameworks */ = {isa = PBXBuildFile; fileRef = 442BC0F415DDA192009CC43D /* UIKit.framework */; };
		442BC0F715DDA192009CC43D /* Foundation.framework in Frameworks */ = {isa = PBXBuildFile; fileRef = 442BC0F615DDA192009CC43D /* Foundation.framework */; };
		442BC0F915DDA192009CC43D /* CoreGraphics.framework in Frameworks */ = {isa = PBXBuildFile; fileRef = 442BC0F815DDA192009CC43D /* CoreGraphics.framework */; };
		442BC0FF15DDA192009CC43D /* InfoPlist.strings in Resources */ = {isa = PBXBuildFile; fileRef = 442BC0FD15DDA192009CC43D /* InfoPlist.strings */; };
		442BC10115DDA192009CC43D /* main.m in Sources */ = {isa = PBXBuildFile; fileRef = 442BC10015DDA192009CC43D /* main.m */; };
		442BC10515DDA192009CC43D /* AppDelegate.m in Sources */ = {isa = PBXBuildFile; fileRef = 442BC10415DDA192009CC43D /* AppDelegate.m */; };
		442BC10815DDA192009CC43D /* ViewController.m in Sources */ = {isa = PBXBuildFile; fileRef = 442BC10715DDA192009CC43D /* ViewController.m */; };
		442BC10B15DDA192009CC43D /* ViewController.xib in Resources */ = {isa = PBXBuildFile; fileRef = 442BC10915DDA192009CC43D /* ViewController.xib */; };
/* End PBXBuildFile section */

/* Begin PBXFileReference section */
		4429F15515DDA2190067E811 /* camera.png */ = {isa = PBXFileReference; lastKnownFileType = image.png; path = camera.png; sourceTree = "<group>"; };
		4429F15615DDA2190067E811 /* info.png */ = {isa = PBXFileReference; lastKnownFileType = image.png; path = info.png; sourceTree = "<group>"; };
		4429F15715DDA2190067E811 /* videoCamera.png */ = {isa = PBXFileReference; lastKnownFileType = image.png; path = videoCamera.png; sourceTree = "<group>"; };
		4429F15D15DDA3820067E811 /* ImageCapViewController.m */ = {isa = PBXFileReference; fileEncoding = 4; lastKnownFileType = sourcecode.c.objc; path = ImageCapViewController.m; sourceTree = "<group>"; };
		4429F15F15DDA39E0067E811 /* ImageCapView.xib */ = {isa = PBXFileReference; fileEncoding = 4; lastKnownFileType = file.xib; path = ImageCapView.xib; sourceTree = "<group>"; };
		4429F16015DDA39E0067E811 /* MovieCapViewController.xib */ = {isa = PBXFileReference; fileEncoding = 4; lastKnownFileType = file.xib; path = MovieCapViewController.xib; sourceTree = "<group>"; };
		4429F16115DDA39E0067E811 /* MovieCapViewController.h */ = {isa = PBXFileReference; fileEncoding = 4; lastKnownFileType = sourcecode.c.h; path = MovieCapViewController.h; sourceTree = "<group>"; };
		4429F16215DDA39E0067E811 /* MovieCapViewController.m */ = {isa = PBXFileReference; fileEncoding = 4; lastKnownFileType = sourcecode.c.objc; path = MovieCapViewController.m; sourceTree = "<group>"; };
		4429F16615DDA8EC0067E811 /* en */ = {isa = PBXFileReference; lastKnownFileType = sourcecode.c.h; name = en; path = en.lproj/ImageCapViewController.h; sourceTree = "<group>"; };
		4429F16815DDC3710067E811 /* MobileCoreServices.framework */ = {isa = PBXFileReference; lastKnownFileType = wrapper.framework; name = MobileCoreServices.framework; path = System/Library/Frameworks/MobileCoreServices.framework; sourceTree = SDKROOT; };
		442BC0F015DDA192009CC43D /* booker_craig_mdf2_project3.1.app */ = {isa = PBXFileReference; explicitFileType = wrapper.application; includeInIndex = 0; path = booker_craig_mdf2_project3.1.app; sourceTree = BUILT_PRODUCTS_DIR; };
		442BC0F415DDA192009CC43D /* UIKit.framework */ = {isa = PBXFileReference; lastKnownFileType = wrapper.framework; name = UIKit.framework; path = System/Library/Frameworks/UIKit.framework; sourceTree = SDKROOT; };
		442BC0F615DDA192009CC43D /* Foundation.framework */ = {isa = PBXFileReference; lastKnownFileType = wrapper.framework; name = Foundation.framework; path = System/Library/Frameworks/Foundation.framework; sourceTree = SDKROOT; };
		442BC0F815DDA192009CC43D /* CoreGraphics.framework */ = {isa = PBXFileReference; lastKnownFileType = wrapper.framework; name = CoreGraphics.framework; path = System/Library/Frameworks/CoreGraphics.framework; sourceTree = SDKROOT; };
		442BC0FC15DDA192009CC43D /* booker_craig_mdf2_project3.1-Info.plist */ = {isa = PBXFileReference; lastKnownFileType = text.plist.xml; path = "booker_craig_mdf2_project3.1-Info.plist"; sourceTree = "<group>"; };
		442BC0FE15DDA192009CC43D /* en */ = {isa = PBXFileReference; lastKnownFileType = text.plist.strings; name = en; path = en.lproj/InfoPlist.strings; sourceTree = "<group>"; };
		442BC10015DDA192009CC43D /* main.m */ = {isa = PBXFileReference; lastKnownFileType = sourcecode.c.objc; path = main.m; sourceTree = "<group>"; };
		442BC10215DDA192009CC43D /* booker_craig_mdf2_project3.1-Prefix.pch */ = {isa = PBXFileReference; lastKnownFileType = sourcecode.c.h; path = "booker_craig_mdf2_project3.1-Prefix.pch"; sourceTree = "<group>"; };
		442BC10315DDA192009CC43D /* AppDelegate.h */ = {isa = PBXFileReference; lastKnownFileType = sourcecode.c.h; path = AppDelegate.h; sourceTree = "<group>"; };
		442BC10415DDA192009CC43D /* AppDelegate.m */ = {isa = PBXFileReference; lastKnownFileType = sourcecode.c.objc; path = AppDelegate.m; sourceTree = "<group>"; };
		442BC10615DDA192009CC43D /* ViewController.h */ = {isa = PBXFileReference; lastKnownFileType = sourcecode.c.h; path = ViewController.h; sourceTree = "<group>"; };
		442BC10715DDA192009CC43D /* ViewController.m */ = {isa = PBXFileReference; lastKnownFileType = sourcecode.c.objc; path = ViewController.m; sourceTree = "<group>"; };
		442BC10A15DDA192009CC43D /* en */ = {isa = PBXFileReference; lastKnownFileType = file.xib; name = en; path = en.lproj/ViewController.xib; sourceTree = "<group>"; };
/* End PBXFileReference section */

/* Begin PBXFrameworksBuildPhase section */
		442BC0ED15DDA192009CC43D /* Frameworks */ = {
			isa = PBXFrameworksBuildPhase;
			buildActionMask = 2147483647;
			files = (
				4429F16915DDC3710067E811 /* MobileCoreServices.framework in Frameworks */,
				442BC0F515DDA192009CC43D /* UIKit.framework in Frameworks */,
				442BC0F715DDA192009CC43D /* Foundation.framework in Frameworks */,
				442BC0F915DDA192009CC43D /* CoreGraphics.framework in Frameworks */,
			);
			runOnlyForDeploymentPostprocessing = 0;
		};
/* End PBXFrameworksBuildPhase section */

/* Begin PBXGroup section */
		442BC0E515DDA192009CC43D = {
			isa = PBXGroup;
			children = (
				442BC0FA15DDA192009CC43D /* booker_craig_mdf2_project3.1 */,
				442BC0F315DDA192009CC43D /* Frameworks */,
				442BC0F115DDA192009CC43D /* Products */,
			);
			sourceTree = "<group>";
		};
		442BC0F115DDA192009CC43D /* Products */ = {
			isa = PBXGroup;
			children = (
				442BC0F015DDA192009CC43D /* booker_craig_mdf2_project3.1.app */,
			);
			name = Products;
			sourceTree = "<group>";
		};
		442BC0F315DDA192009CC43D /* Frameworks */ = {
			isa = PBXGroup;
			children = (
				4429F16815DDC3710067E811 /* MobileCoreServices.framework */,
				442BC0F415DDA192009CC43D /* UIKit.framework */,
				442BC0F615DDA192009CC43D /* Foundation.framework */,
				442BC0F815DDA192009CC43D /* CoreGraphics.framework */,
			);
			name = Frameworks;
			sourceTree = "<group>";
		};
		442BC0FA15DDA192009CC43D /* booker_craig_mdf2_project3.1 */ = {
			isa = PBXGroup;
			children = (
				442BC10315DDA192009CC43D /* AppDelegate.h */,
				442BC10415DDA192009CC43D /* AppDelegate.m */,
				442BC10615DDA192009CC43D /* ViewController.h */,
				442BC10715DDA192009CC43D /* ViewController.m */,
				4429F16715DDA8EC0067E811 /* ImageCapViewController.h */,
				4429F15D15DDA3820067E811 /* ImageCapViewController.m */,
				4429F16115DDA39E0067E811 /* MovieCapViewController.h */,
				4429F16215DDA39E0067E811 /* MovieCapViewController.m */,
				442BC0FB15DDA192009CC43D /* Supporting Files */,
			);
			path = booker_craig_mdf2_project3.1;
			sourceTree = "<group>";
		};
		442BC0FB15DDA192009CC43D /* Supporting Files */ = {
			isa = PBXGroup;
			children = (
				442BC10915DDA192009CC43D /* ViewController.xib */,
				4429F15F15DDA39E0067E811 /* ImageCapView.xib */,
				4429F16015DDA39E0067E811 /* MovieCapViewController.xib */,
				4429F15515DDA2190067E811 /* camera.png */,
				4429F15615DDA2190067E811 /* info.png */,
				4429F15715DDA2190067E811 /* videoCamera.png */,
				442BC0FC15DDA192009CC43D /* booker_craig_mdf2_project3.1-Info.plist */,
				442BC0FD15DDA192009CC43D /* InfoPlist.strings */,
				442BC10015DDA192009CC43D /* main.m */,
				442BC10215DDA192009CC43D /* booker_craig_mdf2_project3.1-Prefix.pch */,
			);
			name = "Supporting Files";
			sourceTree = "<group>";
		};
/* End PBXGroup section */

/* Begin PBXNativeTarget section */
		442BC0EF15DDA192009CC43D /* booker_craig_mdf2_project3.1 */ = {
			isa = PBXNativeTarget;
			buildConfigurationList = 442BC10E15DDA192009CC43D /* Build configuration list for PBXNativeTarget "booker_craig_mdf2_project3.1" */;
			buildPhases = (
				442BC0EC15DDA192009CC43D /* Sources */,
				442BC0ED15DDA192009CC43D /* Frameworks */,
				442BC0EE15DDA192009CC43D /* Resources */,
			);
			buildRules = (
			);
			dependencies = (
			);
			name = booker_craig_mdf2_project3.1;
			productName = booker_craig_mdf2_project3.1;
			productReference = 442BC0F015DDA192009CC43D /* booker_craig_mdf2_project3.1.app */;
			productType = "com.apple.product-type.application";
		};
/* End PBXNativeTarget section */

/* Begin PBXProject section */
		442BC0E715DDA192009CC43D /* Project object */ = {
			isa = PBXProject;
			attributes = {
				LastUpgradeCheck = 0440;
				ORGANIZATIONNAME = "Craig Booker";
			};
			buildConfigurationList = 442BC0EA15DDA192009CC43D /* Build configuration list for PBXProject "booker_craig_mdf2_project3.1" */;
			compatibilityVersion = "Xcode 3.2";
			developmentRegion = English;
			hasScannedForEncodings = 0;
			knownRegions = (
				en,
			);
			mainGroup = 442BC0E515DDA192009CC43D;
			productRefGroup = 442BC0F115DDA192009CC43D /* Products */;
			projectDirPath = "";
			projectRoot = "";
			targets = (
				442BC0EF15DDA192009CC43D /* booker_craig_mdf2_project3.1 */,
			);
		};
/* End PBXProject section */

/* Begin PBXResourcesBuildPhase section */
		442BC0EE15DDA192009CC43D /* Resources */ = {
			isa = PBXResourcesBuildPhase;
			buildActionMask = 2147483647;
			files = (
				442BC0FF15DDA192009CC43D /* InfoPlist.strings in Resources */,
				442BC10B15DDA192009CC43D /* ViewController.xib in Resources */,
				4429F15815DDA2190067E811 /* camera.png in Resources */,
				4429F15915DDA2190067E811 /* info.png in Resources */,
				4429F15A15DDA2190067E811 /* videoCamera.png in Resources */,
				4429F16315DDA39E0067E811 /* ImageCapView.xib in Resources */,
				4429F16415DDA39E0067E811 /* MovieCapViewController.xib in Resources */,
			);
			runOnlyForDeploymentPostprocessing = 0;
		};
/* End PBXResourcesBuildPhase section */

/* Begin PBXSourcesBuildPhase section */
		442BC0EC15DDA192009CC43D /* Sources */ = {
			isa = PBXSourcesBuildPhase;
			buildActionMask = 2147483647;
			files = (
				442BC10115DDA192009CC43D /* main.m in Sources */,
				442BC10515DDA192009CC43D /* AppDelegate.m in Sources */,
				442BC10815DDA192009CC43D /* ViewController.m in Sources */,
				4429F15E15DDA3820067E811 /* ImageCapViewController.m in Sources */,
				4429F16515DDA39E0067E811 /* MovieCapViewController.m in Sources */,
			);
			runOnlyForDeploymentPostprocessing = 0;
		};
/* End PBXSourcesBuildPhase section */

/* Begin PBXVariantGroup section */
		4429F16715DDA8EC0067E811 /* ImageCapViewController.h */ = {
			isa = PBXVariantGroup;
			children = (
				4429F16615DDA8EC0067E811 /* en */,
			);
			name = ImageCapViewController.h;
			sourceTree = "<group>";
		};
		442BC0FD15DDA192009CC43D /* InfoPlist.strings */ = {
			isa = PBXVariantGroup;
			children = (
				442BC0FE15DDA192009CC43D /* en */,
			);
			name = InfoPlist.strings;
			sourceTree = "<group>";
		};
		442BC10915DDA192009CC43D /* ViewController.xib */ = {
			isa = PBXVariantGroup;
			children = (
				442BC10A15DDA192009CC43D /* en */,
			);
			name = ViewController.xib;
			sourceTree = "<group>";
		};
/* End PBXVariantGroup section */

/* Begin XCBuildConfiguration section */
		442BC10C15DDA192009CC43D /* Debug */ = {
			isa = XCBuildConfiguration;
			buildSettings = {
				ALWAYS_SEARCH_USER_PATHS = NO;
				ARCHS = "$(ARCHS_STANDARD_32_BIT)";
				CLANG_CXX_LANGUAGE_STANDARD = "gnu++0x";
				CLANG_ENABLE_OBJC_ARC = YES;
				CLANG_WARN__DUPLICATE_METHOD_MATCH = YES;
				"CODE_SIGN_IDENTITY[sdk=iphoneos*]" = "iPhone Developer";
				COPY_PHASE_STRIP = NO;
				GCC_C_LANGUAGE_STANDARD = gnu99;
				GCC_DYNAMIC_NO_PIC = NO;
				GCC_OPTIMIZATION_LEVEL = 0;
				GCC_PREPROCESSOR_DEFINITIONS = (
					"DEBUG=1",
					"$(inherited)",
				);
				GCC_SYMBOLS_PRIVATE_EXTERN = NO;
				GCC_VERSION = com.apple.compilers.llvm.clang.1_0;
				GCC_WARN_ABOUT_RETURN_TYPE = YES;
				GCC_WARN_UNINITIALIZED_AUTOS = YES;
				GCC_WARN_UNUSED_VARIABLE = YES;
				IPHONEOS_DEPLOYMENT_TARGET = 5.1;
				SDKROOT = iphoneos;
			};
			name = Debug;
		};
		442BC10D15DDA192009CC43D /* Release */ = {
			isa = XCBuildConfiguration;
			buildSettings = {
				ALWAYS_SEARCH_USER_PATHS = NO;
				ARCHS = "$(ARCHS_STANDARD_32_BIT)";
				CLANG_CXX_LANGUAGE_STANDARD = "gnu++0x";
				CLANG_ENABLE_OBJC_ARC = YES;
				CLANG_WARN__DUPLICATE_METHOD_MATCH = YES;
				"CODE_SIGN_IDENTITY[sdk=iphoneos*]" = "iPhone Developer";
				COPY_PHASE_STRIP = YES;
				GCC_C_LANGUAGE_STANDARD = gnu99;
				GCC_VERSION = com.apple.compilers.llvm.clang.1_0;
				GCC_WARN_ABOUT_RETURN_TYPE = YES;
				GCC_WARN_UNINITIALIZED_AUTOS = YES;
				GCC_WARN_UNUSED_VARIABLE = YES;
				IPHONEOS_DEPLOYMENT_TARGET = 5.1;
				OTHER_CFLAGS = "-DNS_BLOCK_ASSERTIONS=1";
				SDKROOT = iphoneos;
				VALIDATE_PRODUCT = YES;
			};
			name = Release;
		};
		442BC10F15DDA192009CC43D /* Debug */ = {
			isa = XCBuildConfiguration;
			buildSettings = {
				GCC_PRECOMPILE_PREFIX_HEADER = YES;
				GCC_PREFIX_HEADER = "booker_craig_mdf2_project3.1/booker_craig_mdf2_project3.1-Prefix.pch";
				INFOPLIST_FILE = "booker_craig_mdf2_project3.1/booker_craig_mdf2_project3.1-Info.plist";
				PRODUCT_NAME = "$(TARGET_NAME)";
				WRAPPER_EXTENSION = app;
			};
			name = Debug;
		};
		442BC11015DDA192009CC43D /* Release */ = {
			isa = XCBuildConfiguration;
			buildSettings = {
				GCC_PRECOMPILE_PREFIX_HEADER = YES;
				GCC_PREFIX_HEADER = "booker_craig_mdf2_project3.1/booker_craig_mdf2_project3.1-Prefix.pch";
				INFOPLIST_FILE = "booker_craig_mdf2_project3.1/booker_craig_mdf2_project3.1-Info.plist";
				PRODUCT_NAME = "$(TARGET_NAME)";
				WRAPPER_EXTENSION = app;
			};
			name = Release;
		};
/* End XCBuildConfiguration section */

/* Begin XCConfigurationList section */
		442BC0EA15DDA192009CC43D /* Build configuration list for PBXProject "booker_craig_mdf2_project3.1" */ = {
			isa = XCConfigurationList;
			buildConfigurations = (
				442BC10C15DDA192009CC43D /* Debug */,
				442BC10D15DDA192009CC43D /* Release */,
			);
			defaultConfigurationIsVisible = 0;
			defaultConfigurationName = Release;
		};
		442BC10E15DDA192009CC43D /* Build configuration list for PBXNativeTarget "booker_craig_mdf2_project3.1" */ = {
			isa = XCConfigurationList;
			buildConfigurations = (
				442BC10F15DDA192009CC43D /* Debug */,
				442BC11015DDA192009CC43D /* Release */,
			);
			defaultConfigurationIsVisible = 0;
			defaultConfigurationName = Release;
		};
/* End XCConfigurationList section */
	};
	rootObject = 442BC0E715DDA192009CC43D /* Project object */;
}
